// !$*UTF8*$!
{
	archiveVersion = 1;
	classes = {
	};
	objectVersion = 46;
	objects = {

/* Begin PBXBuildFile section */
		779413AAF239693E2F2F3E60 /* libPods-use-bdd.a in Frameworks */ = {isa = PBXBuildFile; fileRef = 686B2538E70B577D5E1BAC5B /* libPods-use-bdd.a */; };
		7830094B16A005C9005B70DD /* NSArray+UniqueArray.m in Sources */ = {isa = PBXBuildFile; fileRef = 7830094A16A005C9005B70DD /* NSArray+UniqueArray.m */; };
		7830094C16A005C9005B70DD /* NSArray+UniqueArray.m in Sources */ = {isa = PBXBuildFile; fileRef = 7830094A16A005C9005B70DD /* NSArray+UniqueArray.m */; };
		783DA742166662720007EEB1 /* SystemConfiguration.framework in Frameworks */ = {isa = PBXBuildFile; fileRef = 783DA741166662720007EEB1 /* SystemConfiguration.framework */; };
		783DA744166662AD0007EEB1 /* MobileCoreServices.framework in Frameworks */ = {isa = PBXBuildFile; fileRef = 783DA743166662AD0007EEB1 /* MobileCoreServices.framework */; };
		783DA745166662BB0007EEB1 /* MobileCoreServices.framework in Frameworks */ = {isa = PBXBuildFile; fileRef = 783DA743166662AD0007EEB1 /* MobileCoreServices.framework */; };
		783DA746166662CB0007EEB1 /* SystemConfiguration.framework in Frameworks */ = {isa = PBXBuildFile; fileRef = 783DA741166662720007EEB1 /* SystemConfiguration.framework */; };
		783DA75B166666E00007EEB1 /* IFViewController_iPhone.xib in Resources */ = {isa = PBXBuildFile; fileRef = 783DA758166666E00007EEB1 /* IFViewController_iPhone.xib */; };
		783DA75C166666E00007EEB1 /* IFViewController_iPhone.xib in Resources */ = {isa = PBXBuildFile; fileRef = 783DA758166666E00007EEB1 /* IFViewController_iPhone.xib */; };
		783DA75D166666E00007EEB1 /* IFViewController.m in Sources */ = {isa = PBXBuildFile; fileRef = 783DA75A166666E00007EEB1 /* IFViewController.m */; };
		783DA75E166666E00007EEB1 /* IFViewController.m in Sources */ = {isa = PBXBuildFile; fileRef = 783DA75A166666E00007EEB1 /* IFViewController.m */; };
		783DA761166666F60007EEB1 /* IFStackOverflowRequest.m in Sources */ = {isa = PBXBuildFile; fileRef = 783DA760166666F60007EEB1 /* IFStackOverflowRequest.m */; };
		783DA762166666F60007EEB1 /* IFStackOverflowRequest.m in Sources */ = {isa = PBXBuildFile; fileRef = 783DA760166666F60007EEB1 /* IFStackOverflowRequest.m */; };
		783DA78F1666745D0007EEB1 /* IFQuestionBuilder.m in Sources */ = {isa = PBXBuildFile; fileRef = 783DA78E1666745D0007EEB1 /* IFQuestionBuilder.m */; };
		783DA7901666745D0007EEB1 /* IFQuestionBuilder.m in Sources */ = {isa = PBXBuildFile; fileRef = 783DA78E1666745D0007EEB1 /* IFQuestionBuilder.m */; };
		783DA795166675900007EEB1 /* NSObject+Properties.m in Sources */ = {isa = PBXBuildFile; fileRef = 783DA794166675900007EEB1 /* NSObject+Properties.m */; };
		783DA796166675900007EEB1 /* NSObject+Properties.m in Sources */ = {isa = PBXBuildFile; fileRef = 783DA794166675900007EEB1 /* NSObject+Properties.m */; };
		78412292168C68B800CC8FAE /* IFPerson.m in Sources */ = {isa = PBXBuildFile; fileRef = 7841228E168C68B800CC8FAE /* IFPerson.m */; };
		78412293168C68B800CC8FAE /* IFQuestion.m in Sources */ = {isa = PBXBuildFile; fileRef = 78412290168C68B800CC8FAE /* IFQuestion.m */; };
		785D6E33169D57090052EABB /* IFQuestionCell.m in Sources */ = {isa = PBXBuildFile; fileRef = 785D6E31169D57090052EABB /* IFQuestionCell.m */; };
		785D6E34169D57090052EABB /* IFQuestionCell.m in Sources */ = {isa = PBXBuildFile; fileRef = 785D6E31169D57090052EABB /* IFQuestionCell.m */; };
		785D6E35169D57090052EABB /* IFQuestionCell.xib in Resources */ = {isa = PBXBuildFile; fileRef = 785D6E32169D57090052EABB /* IFQuestionCell.xib */; };
		785D6E36169D57090052EABB /* IFQuestionCell.xib in Resources */ = {isa = PBXBuildFile; fileRef = 785D6E32169D57090052EABB /* IFQuestionCell.xib */; };
		785D6E4B169D7C750052EABB /* IFSpinerCell.m in Sources */ = {isa = PBXBuildFile; fileRef = 785D6E49169D7C750052EABB /* IFSpinerCell.m */; };
		785D6E4C169D7C750052EABB /* IFSpinerCell.m in Sources */ = {isa = PBXBuildFile; fileRef = 785D6E49169D7C750052EABB /* IFSpinerCell.m */; };
		785D6E4D169D7C750052EABB /* IFSpinerCell.xib in Resources */ = {isa = PBXBuildFile; fileRef = 785D6E4A169D7C750052EABB /* IFSpinerCell.xib */; };
		785D6E4E169D7C750052EABB /* IFSpinerCell.xib in Resources */ = {isa = PBXBuildFile; fileRef = 785D6E4A169D7C750052EABB /* IFSpinerCell.xib */; };
		787D8EAE169C49C40071C906 /* JSONKit.m in Sources */ = {isa = PBXBuildFile; fileRef = 78FC7CE9169C31EB006BC5D1 /* JSONKit.m */; settings = {COMPILER_FLAGS = "-fno-objc-arc"; }; };
		787D8EB5169C73A40071C906 /* IFPersonBuilder.m in Sources */ = {isa = PBXBuildFile; fileRef = 787D8EB4169C73A40071C906 /* IFPersonBuilder.m */; };
		787D8EB9169C85B50071C906 /* IFQuestionTableDelegate.m in Sources */ = {isa = PBXBuildFile; fileRef = 787D8EB8169C85B50071C906 /* IFQuestionTableDelegate.m */; };
		787D8EBA169C85B50071C906 /* IFQuestionTableDelegate.m in Sources */ = {isa = PBXBuildFile; fileRef = 787D8EB8169C85B50071C906 /* IFQuestionTableDelegate.m */; };
		788B8DD3166389A20060CDA8 /* UIKit.framework in Frameworks */ = {isa = PBXBuildFile; fileRef = 788B8DD2166389A20060CDA8 /* UIKit.framework */; };
		788B8DD5166389A20060CDA8 /* Foundation.framework in Frameworks */ = {isa = PBXBuildFile; fileRef = 788B8DD4166389A20060CDA8 /* Foundation.framework */; };
		788B8DD7166389A20060CDA8 /* CoreGraphics.framework in Frameworks */ = {isa = PBXBuildFile; fileRef = 788B8DD6166389A20060CDA8 /* CoreGraphics.framework */; };
		788B8DDD166389A20060CDA8 /* InfoPlist.strings in Resources */ = {isa = PBXBuildFile; fileRef = 788B8DDB166389A20060CDA8 /* InfoPlist.strings */; };
		788B8DDF166389A20060CDA8 /* main.m in Sources */ = {isa = PBXBuildFile; fileRef = 788B8DDE166389A20060CDA8 /* main.m */; };
		788B8DE3166389A20060CDA8 /* IFAppDelegate.m in Sources */ = {isa = PBXBuildFile; fileRef = 788B8DE2166389A20060CDA8 /* IFAppDelegate.m */; };
		788B8DE5166389A20060CDA8 /* Default.png in Resources */ = {isa = PBXBuildFile; fileRef = 788B8DE4166389A20060CDA8 /* Default.png */; };
		788B8DE7166389A20060CDA8 /* Default@2x.png in Resources */ = {isa = PBXBuildFile; fileRef = 788B8DE6166389A20060CDA8 /* Default@2x.png */; };
		788B8DE9166389A20060CDA8 /* Default-568h@2x.png in Resources */ = {isa = PBXBuildFile; fileRef = 788B8DE8166389A20060CDA8 /* Default-568h@2x.png */; };
		788B8DFA166389A20060CDA8 /* SenTestingKit.framework in Frameworks */ = {isa = PBXBuildFile; fileRef = 788B8DF9166389A20060CDA8 /* SenTestingKit.framework */; };
		788B8DFB166389A20060CDA8 /* UIKit.framework in Frameworks */ = {isa = PBXBuildFile; fileRef = 788B8DD2166389A20060CDA8 /* UIKit.framework */; };
		788B8DFC166389A20060CDA8 /* Foundation.framework in Frameworks */ = {isa = PBXBuildFile; fileRef = 788B8DD4166389A20060CDA8 /* Foundation.framework */; };
		788B8E04166389A20060CDA8 /* InfoPlist.strings in Resources */ = {isa = PBXBuildFile; fileRef = 788B8E02166389A20060CDA8 /* InfoPlist.strings */; };
		78F7B493181E94E100D68530 /* Security.framework in Frameworks */ = {isa = PBXBuildFile; fileRef = 78F7B492181E94E000D68530 /* Security.framework */; };
		78F7B494181E98FF00D68530 /* Security.framework in Frameworks */ = {isa = PBXBuildFile; fileRef = 78F7B492181E94E000D68530 /* Security.framework */; };
		78F7B495181E990F00D68530 /* CoreGraphics.framework in Frameworks */ = {isa = PBXBuildFile; fileRef = 788B8DD6166389A20060CDA8 /* CoreGraphics.framework */; };
		78FC7CEA169C31EB006BC5D1 /* JSONKit.m in Sources */ = {isa = PBXBuildFile; fileRef = 78FC7CE9169C31EB006BC5D1 /* JSONKit.m */; settings = {COMPILER_FLAGS = "-fno-objc-arc"; }; };
		CCC1D918FA27EB10A9058C82 /* libPods-use-bddTests.a in Frameworks */ = {isa = PBXBuildFile; fileRef = 016F019E846BA7CF23686C1B /* libPods-use-bddTests.a */; };
/* End PBXBuildFile section */

/* Begin PBXContainerItemProxy section */
		788B8DFD166389A20060CDA8 /* PBXContainerItemProxy */ = {
			isa = PBXContainerItemProxy;
			containerPortal = 788B8DC5166389A20060CDA8 /* Project object */;
			proxyType = 1;
			remoteGlobalIDString = 788B8DCD166389A20060CDA8;
			remoteInfo = "use-bdd";
		};
/* End PBXContainerItemProxy section */

/* Begin PBXFileReference section */
		016F019E846BA7CF23686C1B /* libPods-use-bddTests.a */ = {isa = PBXFileReference; explicitFileType = archive.ar; includeInIndex = 0; path = "libPods-use-bddTests.a"; sourceTree = BUILT_PRODUCTS_DIR; };
		1D457FF5D06C8192A6D40CB0 /* Pods-use-bdd.debug.xcconfig */ = {isa = PBXFileReference; includeInIndex = 1; lastKnownFileType = text.xcconfig; name = "Pods-use-bdd.debug.xcconfig"; path = "Pods/Target Support Files/Pods-use-bdd/Pods-use-bdd.debug.xcconfig"; sourceTree = "<group>"; };
		308E3F5E13DE9CC3D72E8B80 /* Pods-use-bddTests.debug.xcconfig */ = {isa = PBXFileReference; includeInIndex = 1; lastKnownFileType = text.xcconfig; name = "Pods-use-bddTests.debug.xcconfig"; path = "Pods/Target Support Files/Pods-use-bddTests/Pods-use-bddTests.debug.xcconfig"; sourceTree = "<group>"; };
		686B2538E70B577D5E1BAC5B /* libPods-use-bdd.a */ = {isa = PBXFileReference; explicitFileType = archive.ar; includeInIndex = 0; path = "libPods-use-bdd.a"; sourceTree = BUILT_PRODUCTS_DIR; };
		782F531F169EF11600F2B106 /* QuestionCellSpec.m */ = {isa = PBXFileReference; fileEncoding = 4; lastKnownFileType = sourcecode.c.objc; path = QuestionCellSpec.m; sourceTree = "<group>"; };
		7830094916A005C9005B70DD /* NSArray+UniqueArray.h */ = {isa = PBXFileReference; fileEncoding = 4; lastKnownFileType = sourcecode.c.h; path = "NSArray+UniqueArray.h"; sourceTree = "<group>"; };
		7830094A16A005C9005B70DD /* NSArray+UniqueArray.m */ = {isa = PBXFileReference; fileEncoding = 4; lastKnownFileType = sourcecode.c.objc; path = "NSArray+UniqueArray.m"; sourceTree = "<group>"; };
		783DA741166662720007EEB1 /* SystemConfiguration.framework */ = {isa = PBXFileReference; lastKnownFileType = wrapper.framework; name = SystemConfiguration.framework; path = System/Library/Frameworks/SystemConfiguration.framework; sourceTree = SDKROOT; };
		783DA743166662AD0007EEB1 /* MobileCoreServices.framework */ = {isa = PBXFileReference; lastKnownFileType = wrapper.framework; name = MobileCoreServices.framework; path = System/Library/Frameworks/MobileCoreServices.framework; sourceTree = SDKROOT; };
		783DA758166666E00007EEB1 /* IFViewController_iPhone.xib */ = {isa = PBXFileReference; fileEncoding = 4; lastKnownFileType = file.xib; path = IFViewController_iPhone.xib; sourceTree = "<group>"; };
		783DA759166666E00007EEB1 /* IFViewController.h */ = {isa = PBXFileReference; fileEncoding = 4; lastKnownFileType = sourcecode.c.h; path = IFViewController.h; sourceTree = "<group>"; };
		783DA75A166666E00007EEB1 /* IFViewController.m */ = {isa = PBXFileReference; fileEncoding = 4; lastKnownFileType = sourcecode.c.objc; path = IFViewController.m; sourceTree = "<group>"; };
		783DA75F166666F60007EEB1 /* IFStackOverflowRequest.h */ = {isa = PBXFileReference; fileEncoding = 4; lastKnownFileType = sourcecode.c.h; path = IFStackOverflowRequest.h; sourceTree = "<group>"; };
		783DA760166666F60007EEB1 /* IFStackOverflowRequest.m */ = {isa = PBXFileReference; fileEncoding = 4; lastKnownFileType = sourcecode.c.objc; path = IFStackOverflowRequest.m; sourceTree = "<group>"; };
		783DA78D1666745D0007EEB1 /* IFQuestionBuilder.h */ = {isa = PBXFileReference; fileEncoding = 4; lastKnownFileType = sourcecode.c.h; path = IFQuestionBuilder.h; sourceTree = "<group>"; };
		783DA78E1666745D0007EEB1 /* IFQuestionBuilder.m */ = {isa = PBXFileReference; fileEncoding = 4; lastKnownFileType = sourcecode.c.objc; path = IFQuestionBuilder.m; sourceTree = "<group>"; };
		783DA793166675900007EEB1 /* NSObject+Properties.h */ = {isa = PBXFileReference; fileEncoding = 4; lastKnownFileType = sourcecode.c.h; path = "NSObject+Properties.h"; sourceTree = "<group>"; };
		783DA794166675900007EEB1 /* NSObject+Properties.m */ = {isa = PBXFileReference; fileEncoding = 4; lastKnownFileType = sourcecode.c.objc; path = "NSObject+Properties.m"; sourceTree = "<group>"; };
		783DA797166675CB0007EEB1 /* IFQuestionBuilderSpec.m */ = {isa = PBXFileReference; fileEncoding = 4; lastKnownFileType = sourcecode.c.objc; path = IFQuestionBuilderSpec.m; sourceTree = "<group>"; };
		7841228D168C68B800CC8FAE /* IFPerson.h */ = {isa = PBXFileReference; fileEncoding = 4; lastKnownFileType = sourcecode.c.h; path = IFPerson.h; sourceTree = "<group>"; };
		7841228E168C68B800CC8FAE /* IFPerson.m */ = {isa = PBXFileReference; fileEncoding = 4; lastKnownFileType = sourcecode.c.objc; path = IFPerson.m; sourceTree = "<group>"; };
		7841228F168C68B800CC8FAE /* IFQuestion.h */ = {isa = PBXFileReference; fileEncoding = 4; lastKnownFileType = sourcecode.c.h; path = IFQuestion.h; sourceTree = "<group>"; };
		78412290168C68B800CC8FAE /* IFQuestion.m */ = {isa = PBXFileReference; fileEncoding = 4; lastKnownFileType = sourcecode.c.objc; path = IFQuestion.m; sourceTree = "<group>"; };
		785D6E30169D57090052EABB /* IFQuestionCell.h */ = {isa = PBXFileReference; fileEncoding = 4; lastKnownFileType = sourcecode.c.h; path = IFQuestionCell.h; sourceTree = "<group>"; };
		785D6E31169D57090052EABB /* IFQuestionCell.m */ = {isa = PBXFileReference; fileEncoding = 4; lastKnownFileType = sourcecode.c.objc; path = IFQuestionCell.m; sourceTree = "<group>"; };
		785D6E32169D57090052EABB /* IFQuestionCell.xib */ = {isa = PBXFileReference; fileEncoding = 4; lastKnownFileType = file.xib; path = IFQuestionCell.xib; sourceTree = "<group>"; };
		785D6E48169D7C750052EABB /* IFSpinerCell.h */ = {isa = PBXFileReference; fileEncoding = 4; lastKnownFileType = sourcecode.c.h; path = IFSpinerCell.h; sourceTree = "<group>"; };
		785D6E49169D7C750052EABB /* IFSpinerCell.m */ = {isa = PBXFileReference; fileEncoding = 4; lastKnownFileType = sourcecode.c.objc; path = IFSpinerCell.m; sourceTree = "<group>"; };
		785D6E4A169D7C750052EABB /* IFSpinerCell.xib */ = {isa = PBXFileReference; fileEncoding = 4; lastKnownFileType = file.xib; path = IFSpinerCell.xib; sourceTree = "<group>"; };
		787D8EB0169C65F00071C906 /* IFStackOverflowRequestSpec.m */ = {isa = PBXFileReference; fileEncoding = 4; lastKnownFileType = sourcecode.c.objc; path = IFStackOverflowRequestSpec.m; sourceTree = "<group>"; };
		787D8EB4169C73A40071C906 /* IFPersonBuilder.m */ = {isa = PBXFileReference; fileEncoding = 4; lastKnownFileType = sourcecode.c.objc; path = IFPersonBuilder.m; sourceTree = "<group>"; };
		787D8EB6169C74270071C906 /* IFPersonBuilder.h */ = {isa = PBXFileReference; fileEncoding = 4; lastKnownFileType = sourcecode.c.h; path = IFPersonBuilder.h; sourceTree = "<group>"; };
		787D8EB7169C85B50071C906 /* IFQuestionTableDelegate.h */ = {isa = PBXFileReference; fileEncoding = 4; lastKnownFileType = sourcecode.c.h; path = IFQuestionTableDelegate.h; sourceTree = "<group>"; };
		787D8EB8169C85B50071C906 /* IFQuestionTableDelegate.m */ = {isa = PBXFileReference; fileEncoding = 4; lastKnownFileType = sourcecode.c.objc; path = IFQuestionTableDelegate.m; sourceTree = "<group>"; };
		787D8EBC169C85D70071C906 /* QuestionTableDelegateSpec.m */ = {isa = PBXFileReference; fileEncoding = 4; lastKnownFileType = sourcecode.c.objc; path = QuestionTableDelegateSpec.m; sourceTree = "<group>"; };
		788B8DCE166389A20060CDA8 /* use-bdd.app */ = {isa = PBXFileReference; explicitFileType = wrapper.application; includeInIndex = 0; path = "use-bdd.app"; sourceTree = BUILT_PRODUCTS_DIR; };
		788B8DD2166389A20060CDA8 /* UIKit.framework */ = {isa = PBXFileReference; lastKnownFileType = wrapper.framework; name = UIKit.framework; path = System/Library/Frameworks/UIKit.framework; sourceTree = SDKROOT; };
		788B8DD4166389A20060CDA8 /* Foundation.framework */ = {isa = PBXFileReference; lastKnownFileType = wrapper.framework; name = Foundation.framework; path = System/Library/Frameworks/Foundation.framework; sourceTree = SDKROOT; };
		788B8DD6166389A20060CDA8 /* CoreGraphics.framework */ = {isa = PBXFileReference; lastKnownFileType = wrapper.framework; name = CoreGraphics.framework; path = System/Library/Frameworks/CoreGraphics.framework; sourceTree = SDKROOT; };
		788B8DDA166389A20060CDA8 /* use-bdd-Info.plist */ = {isa = PBXFileReference; lastKnownFileType = text.plist.xml; path = "use-bdd-Info.plist"; sourceTree = "<group>"; };
		788B8DDC166389A20060CDA8 /* en */ = {isa = PBXFileReference; lastKnownFileType = text.plist.strings; name = en; path = en.lproj/InfoPlist.strings; sourceTree = "<group>"; };
		788B8DDE166389A20060CDA8 /* main.m */ = {isa = PBXFileReference; lastKnownFileType = sourcecode.c.objc; path = main.m; sourceTree = "<group>"; };
		788B8DE0166389A20060CDA8 /* use-bdd-Prefix.pch */ = {isa = PBXFileReference; lastKnownFileType = sourcecode.c.h; path = "use-bdd-Prefix.pch"; sourceTree = "<group>"; };
		788B8DE1166389A20060CDA8 /* IFAppDelegate.h */ = {isa = PBXFileReference; lastKnownFileType = sourcecode.c.h; path = IFAppDelegate.h; sourceTree = "<group>"; };
		788B8DE2166389A20060CDA8 /* IFAppDelegate.m */ = {isa = PBXFileReference; lastKnownFileType = sourcecode.c.objc; path = IFAppDelegate.m; sourceTree = "<group>"; };
		788B8DE4166389A20060CDA8 /* Default.png */ = {isa = PBXFileReference; lastKnownFileType = image.png; path = Default.png; sourceTree = "<group>"; };
		788B8DE6166389A20060CDA8 /* Default@2x.png */ = {isa = PBXFileReference; lastKnownFileType = image.png; path = "Default@2x.png"; sourceTree = "<group>"; };
		788B8DE8166389A20060CDA8 /* Default-568h@2x.png */ = {isa = PBXFileReference; lastKnownFileType = image.png; path = "Default-568h@2x.png"; sourceTree = "<group>"; };
		788B8DF8166389A20060CDA8 /* use-bddTests.octest */ = {isa = PBXFileReference; explicitFileType = wrapper.cfbundle; includeInIndex = 0; path = "use-bddTests.octest"; sourceTree = BUILT_PRODUCTS_DIR; };
		788B8DF9166389A20060CDA8 /* SenTestingKit.framework */ = {isa = PBXFileReference; lastKnownFileType = wrapper.framework; name = SenTestingKit.framework; path = Library/Frameworks/SenTestingKit.framework; sourceTree = DEVELOPER_DIR; };
		788B8E01166389A20060CDA8 /* use-bddTests-Info.plist */ = {isa = PBXFileReference; lastKnownFileType = text.plist.xml; path = "use-bddTests-Info.plist"; sourceTree = "<group>"; };
		788B8E03166389A20060CDA8 /* en */ = {isa = PBXFileReference; lastKnownFileType = text.plist.strings; name = en; path = en.lproj/InfoPlist.strings; sourceTree = "<group>"; };
		78BC265D1665017900147AF1 /* libKiwi.a */ = {isa = PBXFileReference; lastKnownFileType = archive.ar; name = libKiwi.a; path = "Frameworks/Kiwi/build/Release-iphoneos/libKiwi.a"; sourceTree = "<group>"; };
		78BC2683166516E400147AF1 /* IFViewControllerSpec.m */ = {isa = PBXFileReference; fileEncoding = 4; lastKnownFileType = sourcecode.c.objc; path = IFViewControllerSpec.m; sourceTree = "<group>"; };
		78F7B492181E94E000D68530 /* Security.framework */ = {isa = PBXFileReference; lastKnownFileType = wrapper.framework; name = Security.framework; path = System/Library/Frameworks/Security.framework; sourceTree = SDKROOT; };
		78FC7CE8169C31EB006BC5D1 /* JSONKit.h */ = {isa = PBXFileReference; fileEncoding = 4; lastKnownFileType = sourcecode.c.h; path = JSONKit.h; sourceTree = "<group>"; };
		78FC7CE9169C31EB006BC5D1 /* JSONKit.m */ = {isa = PBXFileReference; fileEncoding = 4; lastKnownFileType = sourcecode.c.objc; path = JSONKit.m; sourceTree = "<group>"; };
		B2866077FDE61D3DB32C1131 /* Pods-use-bdd.release.xcconfig */ = {isa = PBXFileReference; includeInIndex = 1; lastKnownFileType = text.xcconfig; name = "Pods-use-bdd.release.xcconfig"; path = "Pods/Target Support Files/Pods-use-bdd/Pods-use-bdd.release.xcconfig"; sourceTree = "<group>"; };
		D251DBCD10DA1421AB722173 /* Pods-use-bddTests.release.xcconfig */ = {isa = PBXFileReference; includeInIndex = 1; lastKnownFileType = text.xcconfig; name = "Pods-use-bddTests.release.xcconfig"; path = "Pods/Target Support Files/Pods-use-bddTests/Pods-use-bddTests.release.xcconfig"; sourceTree = "<group>"; };
/* End PBXFileReference section */

/* Begin PBXFrameworksBuildPhase section */
		788B8DCB166389A20060CDA8 /* Frameworks */ = {
			isa = PBXFrameworksBuildPhase;
			buildActionMask = 2147483647;
			files = (
				78F7B493181E94E100D68530 /* Security.framework in Frameworks */,
				783DA746166662CB0007EEB1 /* SystemConfiguration.framework in Frameworks */,
				783DA745166662BB0007EEB1 /* MobileCoreServices.framework in Frameworks */,
				788B8DD3166389A20060CDA8 /* UIKit.framework in Frameworks */,
				788B8DD5166389A20060CDA8 /* Foundation.framework in Frameworks */,
				788B8DD7166389A20060CDA8 /* CoreGraphics.framework in Frameworks */,
				779413AAF239693E2F2F3E60 /* libPods-use-bdd.a in Frameworks */,
			);
			runOnlyForDeploymentPostprocessing = 0;
		};
		788B8DF4166389A20060CDA8 /* Frameworks */ = {
			isa = PBXFrameworksBuildPhase;
			buildActionMask = 2147483647;
			files = (
				78F7B495181E990F00D68530 /* CoreGraphics.framework in Frameworks */,
				78F7B494181E98FF00D68530 /* Security.framework in Frameworks */,
				783DA744166662AD0007EEB1 /* MobileCoreServices.framework in Frameworks */,
				783DA742166662720007EEB1 /* SystemConfiguration.framework in Frameworks */,
				788B8DFA166389A20060CDA8 /* SenTestingKit.framework in Frameworks */,
				788B8DFB166389A20060CDA8 /* UIKit.framework in Frameworks */,
				788B8DFC166389A20060CDA8 /* Foundation.framework in Frameworks */,
				CCC1D918FA27EB10A9058C82 /* libPods-use-bddTests.a in Frameworks */,
			);
			runOnlyForDeploymentPostprocessing = 0;
		};
/* End PBXFrameworksBuildPhase section */

/* Begin PBXGroup section */
		4C0E7D7545A1624C9E63949C /* Pods */ = {
			isa = PBXGroup;
			children = (
				1D457FF5D06C8192A6D40CB0 /* Pods-use-bdd.debug.xcconfig */,
				B2866077FDE61D3DB32C1131 /* Pods-use-bdd.release.xcconfig */,
				308E3F5E13DE9CC3D72E8B80 /* Pods-use-bddTests.debug.xcconfig */,
				D251DBCD10DA1421AB722173 /* Pods-use-bddTests.release.xcconfig */,
			);
			name = Pods;
			sourceTree = "<group>";
		};
		783DA74B166665A30007EEB1 /* Controllers */ = {
			isa = PBXGroup;
			children = (
				785D6E47169D7C250052EABB /* SpinerCell */,
				785D6E2E169D56CC0052EABB /* QuestionCell */,
				783DA759166666E00007EEB1 /* IFViewController.h */,
				783DA75A166666E00007EEB1 /* IFViewController.m */,
				783DA758166666E00007EEB1 /* IFViewController_iPhone.xib */,
				787D8EB7169C85B50071C906 /* IFQuestionTableDelegate.h */,
				787D8EB8169C85B50071C906 /* IFQuestionTableDelegate.m */,
			);
			path = Controllers;
			sourceTree = "<group>";
		};
		783DA74C166665BF0007EEB1 /* StackOverflowRequest */ = {
			isa = PBXGroup;
			children = (
				783DA75F166666F60007EEB1 /* IFStackOverflowRequest.h */,
				783DA760166666F60007EEB1 /* IFStackOverflowRequest.m */,
			);
			path = StackOverflowRequest;
			sourceTree = "<group>";
		};
		783DA788166672860007EEB1 /* IFQuestionBuilder */ = {
			isa = PBXGroup;
			children = (
				783DA78D1666745D0007EEB1 /* IFQuestionBuilder.h */,
				783DA78E1666745D0007EEB1 /* IFQuestionBuilder.m */,
			);
			path = IFQuestionBuilder;
			sourceTree = "<group>";
		};
		78412289168C689400CC8FAE /* Models */ = {
			isa = PBXGroup;
			children = (
				7841228D168C68B800CC8FAE /* IFPerson.h */,
				7841228E168C68B800CC8FAE /* IFPerson.m */,
				7841228F168C68B800CC8FAE /* IFQuestion.h */,
				78412290168C68B800CC8FAE /* IFQuestion.m */,
			);
			path = Models;
			sourceTree = "<group>";
		};
		785D6E2E169D56CC0052EABB /* QuestionCell */ = {
			isa = PBXGroup;
			children = (
				785D6E30169D57090052EABB /* IFQuestionCell.h */,
				785D6E31169D57090052EABB /* IFQuestionCell.m */,
				785D6E32169D57090052EABB /* IFQuestionCell.xib */,
			);
			path = QuestionCell;
			sourceTree = "<group>";
		};
		785D6E47169D7C250052EABB /* SpinerCell */ = {
			isa = PBXGroup;
			children = (
				785D6E48169D7C750052EABB /* IFSpinerCell.h */,
				785D6E49169D7C750052EABB /* IFSpinerCell.m */,
				785D6E4A169D7C750052EABB /* IFSpinerCell.xib */,
			);
			path = SpinerCell;
			sourceTree = "<group>";
		};
		787D8EB2169C736F0071C906 /* PersonBuilder */ = {
			isa = PBXGroup;
			children = (
				787D8EB6169C74270071C906 /* IFPersonBuilder.h */,
				787D8EB4169C73A40071C906 /* IFPersonBuilder.m */,
			);
			path = PersonBuilder;
			sourceTree = "<group>";
		};
		788B8DC3166389A20060CDA8 = {
			isa = PBXGroup;
			children = (
				788B8DD8166389A20060CDA8 /* use-bdd */,
				788B8DFF166389A20060CDA8 /* use-bddTests */,
				788B8DD1166389A20060CDA8 /* Frameworks */,
				788B8DCF166389A20060CDA8 /* Products */,
				4C0E7D7545A1624C9E63949C /* Pods */,
			);
			sourceTree = "<group>";
		};
		788B8DCF166389A20060CDA8 /* Products */ = {
			isa = PBXGroup;
			children = (
				788B8DCE166389A20060CDA8 /* use-bdd.app */,
				788B8DF8166389A20060CDA8 /* use-bddTests.octest */,
			);
			name = Products;
			sourceTree = "<group>";
		};
		788B8DD1166389A20060CDA8 /* Frameworks */ = {
			isa = PBXGroup;
			children = (
				78F7B492181E94E000D68530 /* Security.framework */,
				783DA743166662AD0007EEB1 /* MobileCoreServices.framework */,
				783DA741166662720007EEB1 /* SystemConfiguration.framework */,
				78BC265D1665017900147AF1 /* libKiwi.a */,
				788B8DD2166389A20060CDA8 /* UIKit.framework */,
				788B8DD4166389A20060CDA8 /* Foundation.framework */,
				788B8DD6166389A20060CDA8 /* CoreGraphics.framework */,
				788B8DF9166389A20060CDA8 /* SenTestingKit.framework */,
				686B2538E70B577D5E1BAC5B /* libPods-use-bdd.a */,
				016F019E846BA7CF23686C1B /* libPods-use-bddTests.a */,
			);
			name = Frameworks;
			sourceTree = "<group>";
		};
		788B8DD8166389A20060CDA8 /* use-bdd */ = {
			isa = PBXGroup;
			children = (
				78412289168C689400CC8FAE /* Models */,
				783DA74B166665A30007EEB1 /* Controllers */,
				78BC268916651FF900147AF1 /* Utils */,
				788B8DE1166389A20060CDA8 /* IFAppDelegate.h */,
				788B8DE2166389A20060CDA8 /* IFAppDelegate.m */,
				788B8DD9166389A20060CDA8 /* Supporting Files */,
			);
			path = "use-bdd";
			sourceTree = "<group>";
		};
		788B8DD9166389A20060CDA8 /* Supporting Files */ = {
			isa = PBXGroup;
			children = (
				788B8DDA166389A20060CDA8 /* use-bdd-Info.plist */,
				788B8DDB166389A20060CDA8 /* InfoPlist.strings */,
				788B8DDE166389A20060CDA8 /* main.m */,
				788B8DE0166389A20060CDA8 /* use-bdd-Prefix.pch */,
				788B8DE4166389A20060CDA8 /* Default.png */,
				788B8DE6166389A20060CDA8 /* Default@2x.png */,
				788B8DE8166389A20060CDA8 /* Default-568h@2x.png */,
			);
			name = "Supporting Files";
			sourceTree = "<group>";
		};
		788B8DFF166389A20060CDA8 /* use-bddTests */ = {
			isa = PBXGroup;
			children = (
				788B8E00166389A20060CDA8 /* Supporting Files */,
				78BC2683166516E400147AF1 /* IFViewControllerSpec.m */,
				783DA797166675CB0007EEB1 /* IFQuestionBuilderSpec.m */,
				787D8EB0169C65F00071C906 /* IFStackOverflowRequestSpec.m */,
				787D8EBC169C85D70071C906 /* QuestionTableDelegateSpec.m */,
				782F531F169EF11600F2B106 /* QuestionCellSpec.m */,
			);
			path = "use-bddTests";
			sourceTree = "<group>";
		};
		788B8E00166389A20060CDA8 /* Supporting Files */ = {
			isa = PBXGroup;
			children = (
				788B8E01166389A20060CDA8 /* use-bddTests-Info.plist */,
				788B8E02166389A20060CDA8 /* InfoPlist.strings */,
			);
			name = "Supporting Files";
			sourceTree = "<group>";
		};
		78BC268916651FF900147AF1 /* Utils */ = {
			isa = PBXGroup;
			children = (
				787D8EB2169C736F0071C906 /* PersonBuilder */,
				78FC7CE7169C31EB006BC5D1 /* JSONKit */,
				783DA788166672860007EEB1 /* IFQuestionBuilder */,
				783DA74C166665BF0007EEB1 /* StackOverflowRequest */,
				78BC268A1665200500147AF1 /* Categories */,
			);
			path = Utils;
			sourceTree = "<group>";
		};
		78BC268A1665200500147AF1 /* Categories */ = {
			isa = PBXGroup;
			children = (
				783DA793166675900007EEB1 /* NSObject+Properties.h */,
				783DA794166675900007EEB1 /* NSObject+Properties.m */,
				7830094916A005C9005B70DD /* NSArray+UniqueArray.h */,
				7830094A16A005C9005B70DD /* NSArray+UniqueArray.m */,
			);
			path = Categories;
			sourceTree = "<group>";
		};
		78FC7CE7169C31EB006BC5D1 /* JSONKit */ = {
			isa = PBXGroup;
			children = (
				78FC7CE8169C31EB006BC5D1 /* JSONKit.h */,
				78FC7CE9169C31EB006BC5D1 /* JSONKit.m */,
			);
			path = JSONKit;
			sourceTree = "<group>";
		};
/* End PBXGroup section */

/* Begin PBXNativeTarget section */
		788B8DCD166389A20060CDA8 /* use-bdd */ = {
			isa = PBXNativeTarget;
			buildConfigurationList = 788B8E0A166389A20060CDA8 /* Build configuration list for PBXNativeTarget "use-bdd" */;
			buildPhases = (
				244ADD4EB869E1245126D730 /* Check Pods Manifest.lock */,
				788B8DCA166389A20060CDA8 /* Sources */,
				788B8DCB166389A20060CDA8 /* Frameworks */,
				788B8DCC166389A20060CDA8 /* Resources */,
				BA73E5B17EB1DD3F2FC7A96F /* Copy Pods Resources */,
			);
			buildRules = (
			);
			dependencies = (
			);
			name = "use-bdd";
			productName = "use-bdd";
			productReference = 788B8DCE166389A20060CDA8 /* use-bdd.app */;
			productType = "com.apple.product-type.application";
		};
		788B8DF7166389A20060CDA8 /* use-bddTests */ = {
			isa = PBXNativeTarget;
			buildConfigurationList = 788B8E0D166389A20060CDA8 /* Build configuration list for PBXNativeTarget "use-bddTests" */;
			buildPhases = (
				423F87191FDA4857E17BCCC2 /* Check Pods Manifest.lock */,
				788B8DF3166389A20060CDA8 /* Sources */,
				788B8DF4166389A20060CDA8 /* Frameworks */,
				788B8DF5166389A20060CDA8 /* Resources */,
				788B8DF6166389A20060CDA8 /* ShellScript */,
				CE873A9FCA432465323349E9 /* Copy Pods Resources */,
			);
			buildRules = (
			);
			dependencies = (
				788B8DFE166389A20060CDA8 /* PBXTargetDependency */,
			);
			name = "use-bddTests";
			productName = "use-bddTests";
			productReference = 788B8DF8166389A20060CDA8 /* use-bddTests.octest */;
			productType = "com.apple.product-type.bundle.ocunit-test";
		};
/* End PBXNativeTarget section */

/* Begin PBXProject section */
		788B8DC5166389A20060CDA8 /* Project object */ = {
			isa = PBXProject;
			attributes = {
				CLASSPREFIX = IF;
				LastUpgradeCheck = 0450;
				ORGANIZATIONNAME = IgorFedorchuk;
			};
			buildConfigurationList = 788B8DC8166389A20060CDA8 /* Build configuration list for PBXProject "use-bdd" */;
			compatibilityVersion = "Xcode 3.2";
			developmentRegion = English;
			hasScannedForEncodings = 0;
			knownRegions = (
				en,
			);
			mainGroup = 788B8DC3166389A20060CDA8;
			productRefGroup = 788B8DCF166389A20060CDA8 /* Products */;
			projectDirPath = "";
			projectRoot = "";
			targets = (
				788B8DCD166389A20060CDA8 /* use-bdd */,
				788B8DF7166389A20060CDA8 /* use-bddTests */,
			);
		};
/* End PBXProject section */

/* Begin PBXResourcesBuildPhase section */
		788B8DCC166389A20060CDA8 /* Resources */ = {
			isa = PBXResourcesBuildPhase;
			buildActionMask = 2147483647;
			files = (
				788B8DDD166389A20060CDA8 /* InfoPlist.strings in Resources */,
				788B8DE5166389A20060CDA8 /* Default.png in Resources */,
				788B8DE7166389A20060CDA8 /* Default@2x.png in Resources */,
				788B8DE9166389A20060CDA8 /* Default-568h@2x.png in Resources */,
				783DA75B166666E00007EEB1 /* IFViewController_iPhone.xib in Resources */,
				785D6E35169D57090052EABB /* IFQuestionCell.xib in Resources */,
				785D6E4D169D7C750052EABB /* IFSpinerCell.xib in Resources */,
			);
			runOnlyForDeploymentPostprocessing = 0;
		};
		788B8DF5166389A20060CDA8 /* Resources */ = {
			isa = PBXResourcesBuildPhase;
			buildActionMask = 2147483647;
			files = (
				788B8E04166389A20060CDA8 /* InfoPlist.strings in Resources */,
				783DA75C166666E00007EEB1 /* IFViewController_iPhone.xib in Resources */,
				785D6E36169D57090052EABB /* IFQuestionCell.xib in Resources */,
				785D6E4E169D7C750052EABB /* IFSpinerCell.xib in Resources */,
			);
			runOnlyForDeploymentPostprocessing = 0;
		};
/* End PBXResourcesBuildPhase section */

/* Begin PBXShellScriptBuildPhase section */
		244ADD4EB869E1245126D730 /* Check Pods Manifest.lock */ = {
			isa = PBXShellScriptBuildPhase;
			buildActionMask = 2147483647;
			files = (
			);
			inputPaths = (
			);
			name = "Check Pods Manifest.lock";
			outputPaths = (
			);
			runOnlyForDeploymentPostprocessing = 0;
			shellPath = /bin/sh;
			shellScript = "diff \"${PODS_ROOT}/../Podfile.lock\" \"${PODS_ROOT}/Manifest.lock\" > /dev/null\nif [[ $? != 0 ]] ; then\n    cat << EOM\nerror: The sandbox is not in sync with the Podfile.lock. Run 'pod install' or update your CocoaPods installation.\nEOM\n    exit 1\nfi\n";
			showEnvVarsInLog = 0;
		};
		423F87191FDA4857E17BCCC2 /* Check Pods Manifest.lock */ = {
			isa = PBXShellScriptBuildPhase;
			buildActionMask = 2147483647;
			files = (
			);
			inputPaths = (
			);
			name = "Check Pods Manifest.lock";
			outputPaths = (
			);
			runOnlyForDeploymentPostprocessing = 0;
			shellPath = /bin/sh;
			shellScript = "diff \"${PODS_ROOT}/../Podfile.lock\" \"${PODS_ROOT}/Manifest.lock\" > /dev/null\nif [[ $? != 0 ]] ; then\n    cat << EOM\nerror: The sandbox is not in sync with the Podfile.lock. Run 'pod install' or update your CocoaPods installation.\nEOM\n    exit 1\nfi\n";
			showEnvVarsInLog = 0;
		};
		788B8DF6166389A20060CDA8 /* ShellScript */ = {
			isa = PBXShellScriptBuildPhase;
			buildActionMask = 2147483647;
			files = (
			);
			inputPaths = (
			);
			outputPaths = (
			);
			runOnlyForDeploymentPostprocessing = 0;
			shellPath = /bin/sh;
			shellScript = "# Run the unit tests in this test bundle.\n\"${SYSTEM_DEVELOPER_DIR}/Tools/RunUnitTests\"\n";
		};
		BA73E5B17EB1DD3F2FC7A96F /* Copy Pods Resources */ = {
			isa = PBXShellScriptBuildPhase;
			buildActionMask = 2147483647;
			files = (
			);
			inputPaths = (
			);
			name = "Copy Pods Resources";
			outputPaths = (
			);
			runOnlyForDeploymentPostprocessing = 0;
			shellPath = /bin/sh;
			shellScript = "\"${SRCROOT}/Pods/Target Support Files/Pods-use-bdd/Pods-use-bdd-resources.sh\"\n";
			showEnvVarsInLog = 0;
		};
		CE873A9FCA432465323349E9 /* Copy Pods Resources */ = {
			isa = PBXShellScriptBuildPhase;
			buildActionMask = 2147483647;
			files = (
			);
			inputPaths = (
			);
			name = "Copy Pods Resources";
			outputPaths = (
			);
			runOnlyForDeploymentPostprocessing = 0;
			shellPath = /bin/sh;
			shellScript = "\"${SRCROOT}/Pods/Target Support Files/Pods-use-bddTests/Pods-use-bddTests-resources.sh\"\n";
			showEnvVarsInLog = 0;
		};
/* End PBXShellScriptBuildPhase section */

/* Begin PBXSourcesBuildPhase section */
		788B8DCA166389A20060CDA8 /* Sources */ = {
			isa = PBXSourcesBuildPhase;
			buildActionMask = 2147483647;
			files = (
				788B8DDF166389A20060CDA8 /* main.m in Sources */,
				788B8DE3166389A20060CDA8 /* IFAppDelegate.m in Sources */,
				783DA75D166666E00007EEB1 /* IFViewController.m in Sources */,
				783DA761166666F60007EEB1 /* IFStackOverflowRequest.m in Sources */,
				783DA78F1666745D0007EEB1 /* IFQuestionBuilder.m in Sources */,
				783DA795166675900007EEB1 /* NSObject+Properties.m in Sources */,
				78412292168C68B800CC8FAE /* IFPerson.m in Sources */,
				78412293168C68B800CC8FAE /* IFQuestion.m in Sources */,
				78FC7CEA169C31EB006BC5D1 /* JSONKit.m in Sources */,
				787D8EB5169C73A40071C906 /* IFPersonBuilder.m in Sources */,
				787D8EB9169C85B50071C906 /* IFQuestionTableDelegate.m in Sources */,
				785D6E33169D57090052EABB /* IFQuestionCell.m in Sources */,
				785D6E4B169D7C750052EABB /* IFSpinerCell.m in Sources */,
				7830094B16A005C9005B70DD /* NSArray+UniqueArray.m in Sources */,
			);
			runOnlyForDeploymentPostprocessing = 0;
		};
		788B8DF3166389A20060CDA8 /* Sources */ = {
			isa = PBXSourcesBuildPhase;
			buildActionMask = 2147483647;
			files = (
				783DA75E166666E00007EEB1 /* IFViewController.m in Sources */,
				783DA762166666F60007EEB1 /* IFStackOverflowRequest.m in Sources */,
				783DA7901666745D0007EEB1 /* IFQuestionBuilder.m in Sources */,
				783DA796166675900007EEB1 /* NSObject+Properties.m in Sources */,
				787D8EAE169C49C40071C906 /* JSONKit.m in Sources */,
				787D8EBA169C85B50071C906 /* IFQuestionTableDelegate.m in Sources */,
				785D6E34169D57090052EABB /* IFQuestionCell.m in Sources */,
				785D6E4C169D7C750052EABB /* IFSpinerCell.m in Sources */,
				7830094C16A005C9005B70DD /* NSArray+UniqueArray.m in Sources */,
			);
			runOnlyForDeploymentPostprocessing = 0;
		};
/* End PBXSourcesBuildPhase section */

/* Begin PBXTargetDependency section */
		788B8DFE166389A20060CDA8 /* PBXTargetDependency */ = {
			isa = PBXTargetDependency;
			target = 788B8DCD166389A20060CDA8 /* use-bdd */;
			targetProxy = 788B8DFD166389A20060CDA8 /* PBXContainerItemProxy */;
		};
/* End PBXTargetDependency section */

/* Begin PBXVariantGroup section */
		788B8DDB166389A20060CDA8 /* InfoPlist.strings */ = {
			isa = PBXVariantGroup;
			children = (
				788B8DDC166389A20060CDA8 /* en */,
			);
			name = InfoPlist.strings;
			sourceTree = "<group>";
		};
		788B8E02166389A20060CDA8 /* InfoPlist.strings */ = {
			isa = PBXVariantGroup;
			children = (
				788B8E03166389A20060CDA8 /* en */,
			);
			name = InfoPlist.strings;
			sourceTree = "<group>";
		};
/* End PBXVariantGroup section */

/* Begin XCBuildConfiguration section */
		788B8E08166389A20060CDA8 /* Debug */ = {
			isa = XCBuildConfiguration;
			buildSettings = {
				ALWAYS_SEARCH_USER_PATHS = NO;
				CLANG_CXX_LANGUAGE_STANDARD = "gnu++0x";
				CLANG_CXX_LIBRARY = "libc++";
				CLANG_ENABLE_OBJC_ARC = YES;
				CLANG_WARN_EMPTY_BODY = YES;
				CLANG_WARN__DUPLICATE_METHOD_MATCH = YES;
				"CODE_SIGN_IDENTITY[sdk=iphoneos*]" = "iPhone Developer";
				COPY_PHASE_STRIP = NO;
				GCC_C_LANGUAGE_STANDARD = gnu99;
				GCC_DYNAMIC_NO_PIC = NO;
				GCC_OPTIMIZATION_LEVEL = 0;
				GCC_PREPROCESSOR_DEFINITIONS = (
					"DEBUG=1",
					"$(inherited)",
				);
				GCC_SYMBOLS_PRIVATE_EXTERN = NO;
				GCC_WARN_ABOUT_RETURN_TYPE = YES;
				GCC_WARN_UNINITIALIZED_AUTOS = YES;
				GCC_WARN_UNUSED_VARIABLE = YES;
				IPHONEOS_DEPLOYMENT_TARGET = 6.0;
				ONLY_ACTIVE_ARCH = YES;
				SDKROOT = iphoneos;
				TARGETED_DEVICE_FAMILY = "1,2";
			};
			name = Debug;
		};
		788B8E09166389A20060CDA8 /* Release */ = {
			isa = XCBuildConfiguration;
			buildSettings = {
				ALWAYS_SEARCH_USER_PATHS = NO;
				CLANG_CXX_LANGUAGE_STANDARD = "gnu++0x";
				CLANG_CXX_LIBRARY = "libc++";
				CLANG_ENABLE_OBJC_ARC = YES;
				CLANG_WARN_EMPTY_BODY = YES;
				CLANG_WARN__DUPLICATE_METHOD_MATCH = YES;
				"CODE_SIGN_IDENTITY[sdk=iphoneos*]" = "iPhone Developer";
				COPY_PHASE_STRIP = YES;
				GCC_C_LANGUAGE_STANDARD = gnu99;
				GCC_WARN_ABOUT_RETURN_TYPE = YES;
				GCC_WARN_UNINITIALIZED_AUTOS = YES;
				GCC_WARN_UNUSED_VARIABLE = YES;
				IPHONEOS_DEPLOYMENT_TARGET = 6.0;
				OTHER_CFLAGS = "-DNS_BLOCK_ASSERTIONS=1";
				SDKROOT = iphoneos;
				TARGETED_DEVICE_FAMILY = "1,2";
				VALIDATE_PRODUCT = YES;
			};
			name = Release;
		};
		788B8E0B166389A20060CDA8 /* Debug */ = {
			isa = XCBuildConfiguration;
			baseConfigurationReference = 1D457FF5D06C8192A6D40CB0 /* Pods-use-bdd.debug.xcconfig */;
			buildSettings = {
				GCC_PRECOMPILE_PREFIX_HEADER = YES;
				GCC_PREFIX_HEADER = "use-bdd/use-bdd-Prefix.pch";
				INFOPLIST_FILE = "use-bdd/use-bdd-Info.plist";
				IPHONEOS_DEPLOYMENT_TARGET = 6.0;
				PRODUCT_NAME = "$(TARGET_NAME)";
				TARGETED_DEVICE_FAMILY = 1;
				WRAPPER_EXTENSION = app;
			};
			name = Debug;
		};
		788B8E0C166389A20060CDA8 /* Release */ = {
			isa = XCBuildConfiguration;
			baseConfigurationReference = B2866077FDE61D3DB32C1131 /* Pods-use-bdd.release.xcconfig */;
			buildSettings = {
				GCC_PRECOMPILE_PREFIX_HEADER = YES;
				GCC_PREFIX_HEADER = "use-bdd/use-bdd-Prefix.pch";
				INFOPLIST_FILE = "use-bdd/use-bdd-Info.plist";
				IPHONEOS_DEPLOYMENT_TARGET = 6.0;
				PRODUCT_NAME = "$(TARGET_NAME)";
				TARGETED_DEVICE_FAMILY = 1;
				WRAPPER_EXTENSION = app;
			};
			name = Release;
		};
		788B8E0E166389A20060CDA8 /* Debug */ = {
			isa = XCBuildConfiguration;
			baseConfigurationReference = 308E3F5E13DE9CC3D72E8B80 /* Pods-use-bddTests.debug.xcconfig */;
			buildSettings = {
				BUNDLE_LOADER = "$(BUILT_PRODUCTS_DIR)/use-bdd.app/use-bdd";
				FRAMEWORK_SEARCH_PATHS = (
					"\"$(SDKROOT)/Developer/Library/Frameworks\"",
					"\"$(DEVELOPER_LIBRARY_DIR)/Frameworks\"",
				);
				GCC_PRECOMPILE_PREFIX_HEADER = YES;
				GCC_PREFIX_HEADER = "use-bdd/use-bdd-Prefix.pch";
				HEADER_SEARCH_PATHS = "\"$(DEVELOPER_LIBRARY_DIR)/Frameworks/Tuneup\"";
				INFOPLIST_FILE = "use-bddTests/use-bddTests-Info.plist";
				IPHONEOS_DEPLOYMENT_TARGET = 6.0;
				OTHER_LDFLAGS = "-all_load";
				PRODUCT_NAME = "$(TARGET_NAME)";
				TEST_HOST = "$(BUNDLE_LOADER)";
				USER_HEADER_SEARCH_PATHS = "$(SOURCE_ROOT)/Frameworks/Kiwi/**";
				WRAPPER_EXTENSION = octest;
			};
			name = Debug;
		};
		788B8E0F166389A20060CDA8 /* Release */ = {
			isa = XCBuildConfiguration;
			baseConfigurationReference = D251DBCD10DA1421AB722173 /* Pods-use-bddTests.release.xcconfig */;
			buildSettings = {
				BUNDLE_LOADER = "$(BUILT_PRODUCTS_DIR)/use-bdd.app/use-bdd";
				FRAMEWORK_SEARCH_PATHS = (
					"\"$(SDKROOT)/Developer/Library/Frameworks\"",
					"\"$(DEVELOPER_LIBRARY_DIR)/Frameworks\"",
				);
				GCC_PRECOMPILE_PREFIX_HEADER = YES;
				GCC_PREFIX_HEADER = "use-bdd/use-bdd-Prefix.pch";
				HEADER_SEARCH_PATHS = "\"$(DEVELOPER_LIBRARY_DIR)/Frameworks/Tuneup\"";
				INFOPLIST_FILE = "use-bddTests/use-bddTests-Info.plist";
				IPHONEOS_DEPLOYMENT_TARGET = 6.0;
				OTHER_LDFLAGS = "-all_load";
				PRODUCT_NAME = "$(TARGET_NAME)";
				TEST_HOST = "$(BUNDLE_LOADER)";
				USER_HEADER_SEARCH_PATHS = "$(SOURCE_ROOT)/Frameworks/Kiwi/**";
				WRAPPER_EXTENSION = octest;
			};
			name = Release;
		};
/* End XCBuildConfiguration section */

/* Begin XCConfigurationList section */
		788B8DC8166389A20060CDA8 /* Build configuration list for PBXProject "use-bdd" */ = {
			isa = XCConfigurationList;
			buildConfigurations = (
				788B8E08166389A20060CDA8 /* Debug */,
				788B8E09166389A20060CDA8 /* Release */,
			);
			defaultConfigurationIsVisible = 0;
			defaultConfigurationName = Release;
		};
		788B8E0A166389A20060CDA8 /* Build configuration list for PBXNativeTarget "use-bdd" */ = {
			isa = XCConfigurationList;
			buildConfigurations = (
				788B8E0B166389A20060CDA8 /* Debug */,
				788B8E0C166389A20060CDA8 /* Release */,
			);
			defaultConfigurationIsVisible = 0;
			defaultConfigurationName = Release;
		};
		788B8E0D166389A20060CDA8 /* Build configuration list for PBXNativeTarget "use-bddTests" */ = {
			isa = XCConfigurationList;
			buildConfigurations = (
				788B8E0E166389A20060CDA8 /* Debug */,
				788B8E0F166389A20060CDA8 /* Release */,
			);
			defaultConfigurationIsVisible = 0;
			defaultConfigurationName = Release;
		};
/* End XCConfigurationList section */
	};
	rootObject = 788B8DC5166389A20060CDA8 /* Project object */;
}
