// !$*UTF8*$!
{
	archiveVersion = 1;
	classes = {
	};
	objectVersion = 46;
	objects = {

/* Begin PBXBuildFile section */
		783DA742166662720007EEB1 /* SystemConfiguration.framework in Frameworks */ = {isa = PBXBuildFile; fileRef = 783DA741166662720007EEB1 /* SystemConfiguration.framework */; };
		783DA744166662AD0007EEB1 /* MobileCoreServices.framework in Frameworks */ = {isa = PBXBuildFile; fileRef = 783DA743166662AD0007EEB1 /* MobileCoreServices.framework */; };
		783DA745166662BB0007EEB1 /* MobileCoreServices.framework in Frameworks */ = {isa = PBXBuildFile; fileRef = 783DA743166662AD0007EEB1 /* MobileCoreServices.framework */; };
		783DA746166662CB0007EEB1 /* SystemConfiguration.framework in Frameworks */ = {isa = PBXBuildFile; fileRef = 783DA741166662720007EEB1 /* SystemConfiguration.framework */; };
		783DA75B166666E00007EEB1 /* IFViewController_iPhone.xib in Resources */ = {isa = PBXBuildFile; fileRef = 783DA758166666E00007EEB1 /* IFViewController_iPhone.xib */; };
		783DA75C166666E00007EEB1 /* IFViewController_iPhone.xib in Resources */ = {isa = PBXBuildFile; fileRef = 783DA758166666E00007EEB1 /* IFViewController_iPhone.xib */; };
		783DA75D166666E00007EEB1 /* IFViewController.m in Sources */ = {isa = PBXBuildFile; fileRef = 783DA75A166666E00007EEB1 /* IFViewController.m */; };
		783DA75E166666E00007EEB1 /* IFViewController.m in Sources */ = {isa = PBXBuildFile; fileRef = 783DA75A166666E00007EEB1 /* IFViewController.m */; };
		783DA761166666F60007EEB1 /* IFStackOverflowRequest.m in Sources */ = {isa = PBXBuildFile; fileRef = 783DA760166666F60007EEB1 /* IFStackOverflowRequest.m */; };
		783DA762166666F60007EEB1 /* IFStackOverflowRequest.m in Sources */ = {isa = PBXBuildFile; fileRef = 783DA760166666F60007EEB1 /* IFStackOverflowRequest.m */; };
		783DA776166667230007EEB1 /* AFHTTPClient.m in Sources */ = {isa = PBXBuildFile; fileRef = 783DA764166667230007EEB1 /* AFHTTPClient.m */; };
		783DA777166667230007EEB1 /* AFHTTPClient.m in Sources */ = {isa = PBXBuildFile; fileRef = 783DA764166667230007EEB1 /* AFHTTPClient.m */; };
		783DA778166667230007EEB1 /* AFHTTPRequestOperation.m in Sources */ = {isa = PBXBuildFile; fileRef = 783DA766166667230007EEB1 /* AFHTTPRequestOperation.m */; };
		783DA779166667230007EEB1 /* AFHTTPRequestOperation.m in Sources */ = {isa = PBXBuildFile; fileRef = 783DA766166667230007EEB1 /* AFHTTPRequestOperation.m */; };
		783DA77A166667230007EEB1 /* AFImageRequestOperation.m in Sources */ = {isa = PBXBuildFile; fileRef = 783DA768166667230007EEB1 /* AFImageRequestOperation.m */; };
		783DA77B166667230007EEB1 /* AFImageRequestOperation.m in Sources */ = {isa = PBXBuildFile; fileRef = 783DA768166667230007EEB1 /* AFImageRequestOperation.m */; };
		783DA77C166667230007EEB1 /* AFJSONRequestOperation.m in Sources */ = {isa = PBXBuildFile; fileRef = 783DA76A166667230007EEB1 /* AFJSONRequestOperation.m */; };
		783DA77D166667230007EEB1 /* AFJSONRequestOperation.m in Sources */ = {isa = PBXBuildFile; fileRef = 783DA76A166667230007EEB1 /* AFJSONRequestOperation.m */; };
		783DA77E166667230007EEB1 /* AFNetworkActivityIndicatorManager.m in Sources */ = {isa = PBXBuildFile; fileRef = 783DA76C166667230007EEB1 /* AFNetworkActivityIndicatorManager.m */; };
		783DA77F166667230007EEB1 /* AFNetworkActivityIndicatorManager.m in Sources */ = {isa = PBXBuildFile; fileRef = 783DA76C166667230007EEB1 /* AFNetworkActivityIndicatorManager.m */; };
		783DA780166667230007EEB1 /* AFPropertyListRequestOperation.m in Sources */ = {isa = PBXBuildFile; fileRef = 783DA76F166667230007EEB1 /* AFPropertyListRequestOperation.m */; };
		783DA781166667230007EEB1 /* AFPropertyListRequestOperation.m in Sources */ = {isa = PBXBuildFile; fileRef = 783DA76F166667230007EEB1 /* AFPropertyListRequestOperation.m */; };
		783DA782166667230007EEB1 /* AFURLConnectionOperation.m in Sources */ = {isa = PBXBuildFile; fileRef = 783DA771166667230007EEB1 /* AFURLConnectionOperation.m */; };
		783DA783166667230007EEB1 /* AFURLConnectionOperation.m in Sources */ = {isa = PBXBuildFile; fileRef = 783DA771166667230007EEB1 /* AFURLConnectionOperation.m */; };
		783DA784166667230007EEB1 /* AFXMLRequestOperation.m in Sources */ = {isa = PBXBuildFile; fileRef = 783DA773166667230007EEB1 /* AFXMLRequestOperation.m */; };
		783DA785166667230007EEB1 /* AFXMLRequestOperation.m in Sources */ = {isa = PBXBuildFile; fileRef = 783DA773166667230007EEB1 /* AFXMLRequestOperation.m */; };
		783DA786166667230007EEB1 /* UIImageView+AFNetworking.m in Sources */ = {isa = PBXBuildFile; fileRef = 783DA775166667230007EEB1 /* UIImageView+AFNetworking.m */; };
		783DA787166667230007EEB1 /* UIImageView+AFNetworking.m in Sources */ = {isa = PBXBuildFile; fileRef = 783DA775166667230007EEB1 /* UIImageView+AFNetworking.m */; };
		783DA78F1666745D0007EEB1 /* IFQuestionBuilder.m in Sources */ = {isa = PBXBuildFile; fileRef = 783DA78E1666745D0007EEB1 /* IFQuestionBuilder.m */; };
		783DA7901666745D0007EEB1 /* IFQuestionBuilder.m in Sources */ = {isa = PBXBuildFile; fileRef = 783DA78E1666745D0007EEB1 /* IFQuestionBuilder.m */; };
		783DA795166675900007EEB1 /* NSObject+Properties.m in Sources */ = {isa = PBXBuildFile; fileRef = 783DA794166675900007EEB1 /* NSObject+Properties.m */; };
		783DA796166675900007EEB1 /* NSObject+Properties.m in Sources */ = {isa = PBXBuildFile; fileRef = 783DA794166675900007EEB1 /* NSObject+Properties.m */; };
		783DA798166675CB0007EEB1 /* IFQuestionBuilderSpec.m in Sources */ = {isa = PBXBuildFile; fileRef = 783DA797166675CB0007EEB1 /* IFQuestionBuilderSpec.m */; };
		788B8DD3166389A20060CDA8 /* UIKit.framework in Frameworks */ = {isa = PBXBuildFile; fileRef = 788B8DD2166389A20060CDA8 /* UIKit.framework */; };
		788B8DD5166389A20060CDA8 /* Foundation.framework in Frameworks */ = {isa = PBXBuildFile; fileRef = 788B8DD4166389A20060CDA8 /* Foundation.framework */; };
		788B8DD7166389A20060CDA8 /* CoreGraphics.framework in Frameworks */ = {isa = PBXBuildFile; fileRef = 788B8DD6166389A20060CDA8 /* CoreGraphics.framework */; };
		788B8DDD166389A20060CDA8 /* InfoPlist.strings in Resources */ = {isa = PBXBuildFile; fileRef = 788B8DDB166389A20060CDA8 /* InfoPlist.strings */; };
		788B8DDF166389A20060CDA8 /* main.m in Sources */ = {isa = PBXBuildFile; fileRef = 788B8DDE166389A20060CDA8 /* main.m */; };
		788B8DE3166389A20060CDA8 /* IFAppDelegate.m in Sources */ = {isa = PBXBuildFile; fileRef = 788B8DE2166389A20060CDA8 /* IFAppDelegate.m */; };
		788B8DE5166389A20060CDA8 /* Default.png in Resources */ = {isa = PBXBuildFile; fileRef = 788B8DE4166389A20060CDA8 /* Default.png */; };
		788B8DE7166389A20060CDA8 /* Default@2x.png in Resources */ = {isa = PBXBuildFile; fileRef = 788B8DE6166389A20060CDA8 /* Default@2x.png */; };
		788B8DE9166389A20060CDA8 /* Default-568h@2x.png in Resources */ = {isa = PBXBuildFile; fileRef = 788B8DE8166389A20060CDA8 /* Default-568h@2x.png */; };
		788B8DFA166389A20060CDA8 /* SenTestingKit.framework in Frameworks */ = {isa = PBXBuildFile; fileRef = 788B8DF9166389A20060CDA8 /* SenTestingKit.framework */; };
		788B8DFB166389A20060CDA8 /* UIKit.framework in Frameworks */ = {isa = PBXBuildFile; fileRef = 788B8DD2166389A20060CDA8 /* UIKit.framework */; };
		788B8DFC166389A20060CDA8 /* Foundation.framework in Frameworks */ = {isa = PBXBuildFile; fileRef = 788B8DD4166389A20060CDA8 /* Foundation.framework */; };
		788B8E04166389A20060CDA8 /* InfoPlist.strings in Resources */ = {isa = PBXBuildFile; fileRef = 788B8E02166389A20060CDA8 /* InfoPlist.strings */; };
		788B8E07166389A20060CDA8 /* use_bddTests.m in Sources */ = {isa = PBXBuildFile; fileRef = 788B8E06166389A20060CDA8 /* use_bddTests.m */; };
		78BC265B166500C700147AF1 /* MathSpec.m in Sources */ = {isa = PBXBuildFile; fileRef = 78BC265A166500C700147AF1 /* MathSpec.m */; };
		78BC265E1665017900147AF1 /* libKiwi.a in Frameworks */ = {isa = PBXBuildFile; fileRef = 78BC265D1665017900147AF1 /* libKiwi.a */; };
		78BC2684166516E400147AF1 /* IFViewControllerSpec.m in Sources */ = {isa = PBXBuildFile; fileRef = 78BC2683166516E400147AF1 /* IFViewControllerSpec.m */; };
/* End PBXBuildFile section */

/* Begin PBXContainerItemProxy section */
		788B8DFD166389A20060CDA8 /* PBXContainerItemProxy */ = {
			isa = PBXContainerItemProxy;
			containerPortal = 788B8DC5166389A20060CDA8 /* Project object */;
			proxyType = 1;
			remoteGlobalIDString = 788B8DCD166389A20060CDA8;
			remoteInfo = "use-bdd";
		};
/* End PBXContainerItemProxy section */

/* Begin PBXFileReference section */
		783DA741166662720007EEB1 /* SystemConfiguration.framework */ = {isa = PBXFileReference; lastKnownFileType = wrapper.framework; name = SystemConfiguration.framework; path = System/Library/Frameworks/SystemConfiguration.framework; sourceTree = SDKROOT; };
		783DA743166662AD0007EEB1 /* MobileCoreServices.framework */ = {isa = PBXFileReference; lastKnownFileType = wrapper.framework; name = MobileCoreServices.framework; path = System/Library/Frameworks/MobileCoreServices.framework; sourceTree = SDKROOT; };
		783DA758166666E00007EEB1 /* IFViewController_iPhone.xib */ = {isa = PBXFileReference; fileEncoding = 4; lastKnownFileType = file.xib; path = IFViewController_iPhone.xib; sourceTree = "<group>"; };
		783DA759166666E00007EEB1 /* IFViewController.h */ = {isa = PBXFileReference; fileEncoding = 4; lastKnownFileType = sourcecode.c.h; path = IFViewController.h; sourceTree = "<group>"; };
		783DA75A166666E00007EEB1 /* IFViewController.m */ = {isa = PBXFileReference; fileEncoding = 4; lastKnownFileType = sourcecode.c.objc; path = IFViewController.m; sourceTree = "<group>"; };
		783DA75F166666F60007EEB1 /* IFStackOverflowRequest.h */ = {isa = PBXFileReference; fileEncoding = 4; lastKnownFileType = sourcecode.c.h; path = IFStackOverflowRequest.h; sourceTree = "<group>"; };
		783DA760166666F60007EEB1 /* IFStackOverflowRequest.m */ = {isa = PBXFileReference; fileEncoding = 4; lastKnownFileType = sourcecode.c.objc; path = IFStackOverflowRequest.m; sourceTree = "<group>"; };
		783DA763166667230007EEB1 /* AFHTTPClient.h */ = {isa = PBXFileReference; fileEncoding = 4; lastKnownFileType = sourcecode.c.h; path = AFHTTPClient.h; sourceTree = "<group>"; };
		783DA764166667230007EEB1 /* AFHTTPClient.m */ = {isa = PBXFileReference; fileEncoding = 4; lastKnownFileType = sourcecode.c.objc; path = AFHTTPClient.m; sourceTree = "<group>"; };
		783DA765166667230007EEB1 /* AFHTTPRequestOperation.h */ = {isa = PBXFileReference; fileEncoding = 4; lastKnownFileType = sourcecode.c.h; path = AFHTTPRequestOperation.h; sourceTree = "<group>"; };
		783DA766166667230007EEB1 /* AFHTTPRequestOperation.m */ = {isa = PBXFileReference; fileEncoding = 4; lastKnownFileType = sourcecode.c.objc; path = AFHTTPRequestOperation.m; sourceTree = "<group>"; };
		783DA767166667230007EEB1 /* AFImageRequestOperation.h */ = {isa = PBXFileReference; fileEncoding = 4; lastKnownFileType = sourcecode.c.h; path = AFImageRequestOperation.h; sourceTree = "<group>"; };
		783DA768166667230007EEB1 /* AFImageRequestOperation.m */ = {isa = PBXFileReference; fileEncoding = 4; lastKnownFileType = sourcecode.c.objc; path = AFImageRequestOperation.m; sourceTree = "<group>"; };
		783DA769166667230007EEB1 /* AFJSONRequestOperation.h */ = {isa = PBXFileReference; fileEncoding = 4; lastKnownFileType = sourcecode.c.h; path = AFJSONRequestOperation.h; sourceTree = "<group>"; };
		783DA76A166667230007EEB1 /* AFJSONRequestOperation.m */ = {isa = PBXFileReference; fileEncoding = 4; lastKnownFileType = sourcecode.c.objc; path = AFJSONRequestOperation.m; sourceTree = "<group>"; };
		783DA76B166667230007EEB1 /* AFNetworkActivityIndicatorManager.h */ = {isa = PBXFileReference; fileEncoding = 4; lastKnownFileType = sourcecode.c.h; path = AFNetworkActivityIndicatorManager.h; sourceTree = "<group>"; };
		783DA76C166667230007EEB1 /* AFNetworkActivityIndicatorManager.m */ = {isa = PBXFileReference; fileEncoding = 4; lastKnownFileType = sourcecode.c.objc; path = AFNetworkActivityIndicatorManager.m; sourceTree = "<group>"; };
		783DA76D166667230007EEB1 /* AFNetworking.h */ = {isa = PBXFileReference; fileEncoding = 4; lastKnownFileType = sourcecode.c.h; path = AFNetworking.h; sourceTree = "<group>"; };
		783DA76E166667230007EEB1 /* AFPropertyListRequestOperation.h */ = {isa = PBXFileReference; fileEncoding = 4; lastKnownFileType = sourcecode.c.h; path = AFPropertyListRequestOperation.h; sourceTree = "<group>"; };
		783DA76F166667230007EEB1 /* AFPropertyListRequestOperation.m */ = {isa = PBXFileReference; fileEncoding = 4; lastKnownFileType = sourcecode.c.objc; path = AFPropertyListRequestOperation.m; sourceTree = "<group>"; };
		783DA770166667230007EEB1 /* AFURLConnectionOperation.h */ = {isa = PBXFileReference; fileEncoding = 4; lastKnownFileType = sourcecode.c.h; path = AFURLConnectionOperation.h; sourceTree = "<group>"; };
		783DA771166667230007EEB1 /* AFURLConnectionOperation.m */ = {isa = PBXFileReference; fileEncoding = 4; lastKnownFileType = sourcecode.c.objc; path = AFURLConnectionOperation.m; sourceTree = "<group>"; };
		783DA772166667230007EEB1 /* AFXMLRequestOperation.h */ = {isa = PBXFileReference; fileEncoding = 4; lastKnownFileType = sourcecode.c.h; path = AFXMLRequestOperation.h; sourceTree = "<group>"; };
		783DA773166667230007EEB1 /* AFXMLRequestOperation.m */ = {isa = PBXFileReference; fileEncoding = 4; lastKnownFileType = sourcecode.c.objc; path = AFXMLRequestOperation.m; sourceTree = "<group>"; };
		783DA774166667230007EEB1 /* UIImageView+AFNetworking.h */ = {isa = PBXFileReference; fileEncoding = 4; lastKnownFileType = sourcecode.c.h; path = "UIImageView+AFNetworking.h"; sourceTree = "<group>"; };
		783DA775166667230007EEB1 /* UIImageView+AFNetworking.m */ = {isa = PBXFileReference; fileEncoding = 4; lastKnownFileType = sourcecode.c.objc; path = "UIImageView+AFNetworking.m"; sourceTree = "<group>"; };
		783DA78D1666745D0007EEB1 /* IFQuestionBuilder.h */ = {isa = PBXFileReference; fileEncoding = 4; lastKnownFileType = sourcecode.c.h; path = IFQuestionBuilder.h; sourceTree = "<group>"; };
		783DA78E1666745D0007EEB1 /* IFQuestionBuilder.m */ = {isa = PBXFileReference; fileEncoding = 4; lastKnownFileType = sourcecode.c.objc; path = IFQuestionBuilder.m; sourceTree = "<group>"; };
		783DA793166675900007EEB1 /* NSObject+Properties.h */ = {isa = PBXFileReference; fileEncoding = 4; lastKnownFileType = sourcecode.c.h; path = "NSObject+Properties.h"; sourceTree = "<group>"; };
		783DA794166675900007EEB1 /* NSObject+Properties.m */ = {isa = PBXFileReference; fileEncoding = 4; lastKnownFileType = sourcecode.c.objc; path = "NSObject+Properties.m"; sourceTree = "<group>"; };
		783DA797166675CB0007EEB1 /* IFQuestionBuilderSpec.m */ = {isa = PBXFileReference; fileEncoding = 4; lastKnownFileType = sourcecode.c.objc; path = IFQuestionBuilderSpec.m; sourceTree = "<group>"; };
		788B8DCE166389A20060CDA8 /* use-bdd.app */ = {isa = PBXFileReference; explicitFileType = wrapper.application; includeInIndex = 0; path = "use-bdd.app"; sourceTree = BUILT_PRODUCTS_DIR; };
		788B8DD2166389A20060CDA8 /* UIKit.framework */ = {isa = PBXFileReference; lastKnownFileType = wrapper.framework; name = UIKit.framework; path = System/Library/Frameworks/UIKit.framework; sourceTree = SDKROOT; };
		788B8DD4166389A20060CDA8 /* Foundation.framework */ = {isa = PBXFileReference; lastKnownFileType = wrapper.framework; name = Foundation.framework; path = System/Library/Frameworks/Foundation.framework; sourceTree = SDKROOT; };
		788B8DD6166389A20060CDA8 /* CoreGraphics.framework */ = {isa = PBXFileReference; lastKnownFileType = wrapper.framework; name = CoreGraphics.framework; path = System/Library/Frameworks/CoreGraphics.framework; sourceTree = SDKROOT; };
		788B8DDA166389A20060CDA8 /* use-bdd-Info.plist */ = {isa = PBXFileReference; lastKnownFileType = text.plist.xml; path = "use-bdd-Info.plist"; sourceTree = "<group>"; };
		788B8DDC166389A20060CDA8 /* en */ = {isa = PBXFileReference; lastKnownFileType = text.plist.strings; name = en; path = en.lproj/InfoPlist.strings; sourceTree = "<group>"; };
		788B8DDE166389A20060CDA8 /* main.m */ = {isa = PBXFileReference; lastKnownFileType = sourcecode.c.objc; path = main.m; sourceTree = "<group>"; };
		788B8DE0166389A20060CDA8 /* use-bdd-Prefix.pch */ = {isa = PBXFileReference; lastKnownFileType = sourcecode.c.h; path = "use-bdd-Prefix.pch"; sourceTree = "<group>"; };
		788B8DE1166389A20060CDA8 /* IFAppDelegate.h */ = {isa = PBXFileReference; lastKnownFileType = sourcecode.c.h; path = IFAppDelegate.h; sourceTree = "<group>"; };
		788B8DE2166389A20060CDA8 /* IFAppDelegate.m */ = {isa = PBXFileReference; lastKnownFileType = sourcecode.c.objc; path = IFAppDelegate.m; sourceTree = "<group>"; };
		788B8DE4166389A20060CDA8 /* Default.png */ = {isa = PBXFileReference; lastKnownFileType = image.png; path = Default.png; sourceTree = "<group>"; };
		788B8DE6166389A20060CDA8 /* Default@2x.png */ = {isa = PBXFileReference; lastKnownFileType = image.png; path = "Default@2x.png"; sourceTree = "<group>"; };
		788B8DE8166389A20060CDA8 /* Default-568h@2x.png */ = {isa = PBXFileReference; lastKnownFileType = image.png; path = "Default-568h@2x.png"; sourceTree = "<group>"; };
		788B8DF8166389A20060CDA8 /* use-bddTests.octest */ = {isa = PBXFileReference; explicitFileType = wrapper.cfbundle; includeInIndex = 0; path = "use-bddTests.octest"; sourceTree = BUILT_PRODUCTS_DIR; };
		788B8DF9166389A20060CDA8 /* SenTestingKit.framework */ = {isa = PBXFileReference; lastKnownFileType = wrapper.framework; name = SenTestingKit.framework; path = Library/Frameworks/SenTestingKit.framework; sourceTree = DEVELOPER_DIR; };
		788B8E01166389A20060CDA8 /* use-bddTests-Info.plist */ = {isa = PBXFileReference; lastKnownFileType = text.plist.xml; path = "use-bddTests-Info.plist"; sourceTree = "<group>"; };
		788B8E03166389A20060CDA8 /* en */ = {isa = PBXFileReference; lastKnownFileType = text.plist.strings; name = en; path = en.lproj/InfoPlist.strings; sourceTree = "<group>"; };
		788B8E05166389A20060CDA8 /* use_bddTests.h */ = {isa = PBXFileReference; lastKnownFileType = sourcecode.c.h; path = use_bddTests.h; sourceTree = "<group>"; };
		788B8E06166389A20060CDA8 /* use_bddTests.m */ = {isa = PBXFileReference; lastKnownFileType = sourcecode.c.objc; path = use_bddTests.m; sourceTree = "<group>"; };
		78BC265A166500C700147AF1 /* MathSpec.m */ = {isa = PBXFileReference; fileEncoding = 4; lastKnownFileType = sourcecode.c.objc; path = MathSpec.m; sourceTree = "<group>"; };
		78BC265D1665017900147AF1 /* libKiwi.a */ = {isa = PBXFileReference; lastKnownFileType = archive.ar; name = libKiwi.a; path = "Frameworks/Kiwi/build/Release-iphoneos/libKiwi.a"; sourceTree = "<group>"; };
		78BC2683166516E400147AF1 /* IFViewControllerSpec.m */ = {isa = PBXFileReference; fileEncoding = 4; lastKnownFileType = sourcecode.c.objc; path = IFViewControllerSpec.m; sourceTree = "<group>"; };
/* End PBXFileReference section */

/* Begin PBXFrameworksBuildPhase section */
		788B8DCB166389A20060CDA8 /* Frameworks */ = {
			isa = PBXFrameworksBuildPhase;
			buildActionMask = 2147483647;
			files = (
				783DA746166662CB0007EEB1 /* SystemConfiguration.framework in Frameworks */,
				783DA745166662BB0007EEB1 /* MobileCoreServices.framework in Frameworks */,
				788B8DD3166389A20060CDA8 /* UIKit.framework in Frameworks */,
				788B8DD5166389A20060CDA8 /* Foundation.framework in Frameworks */,
				788B8DD7166389A20060CDA8 /* CoreGraphics.framework in Frameworks */,
			);
			runOnlyForDeploymentPostprocessing = 0;
		};
		788B8DF4166389A20060CDA8 /* Frameworks */ = {
			isa = PBXFrameworksBuildPhase;
			buildActionMask = 2147483647;
			files = (
				783DA744166662AD0007EEB1 /* MobileCoreServices.framework in Frameworks */,
				783DA742166662720007EEB1 /* SystemConfiguration.framework in Frameworks */,
				78BC265E1665017900147AF1 /* libKiwi.a in Frameworks */,
				788B8DFA166389A20060CDA8 /* SenTestingKit.framework in Frameworks */,
				788B8DFB166389A20060CDA8 /* UIKit.framework in Frameworks */,
				788B8DFC166389A20060CDA8 /* Foundation.framework in Frameworks */,
			);
			runOnlyForDeploymentPostprocessing = 0;
		};
/* End PBXFrameworksBuildPhase section */

/* Begin PBXGroup section */
		783DA71B166662580007EEB1 /* AFNetworking */ = {
			isa = PBXGroup;
			children = (
				783DA763166667230007EEB1 /* AFHTTPClient.h */,
				783DA764166667230007EEB1 /* AFHTTPClient.m */,
				783DA765166667230007EEB1 /* AFHTTPRequestOperation.h */,
				783DA766166667230007EEB1 /* AFHTTPRequestOperation.m */,
				783DA767166667230007EEB1 /* AFImageRequestOperation.h */,
				783DA768166667230007EEB1 /* AFImageRequestOperation.m */,
				783DA769166667230007EEB1 /* AFJSONRequestOperation.h */,
				783DA76A166667230007EEB1 /* AFJSONRequestOperation.m */,
				783DA76B166667230007EEB1 /* AFNetworkActivityIndicatorManager.h */,
				783DA76C166667230007EEB1 /* AFNetworkActivityIndicatorManager.m */,
				783DA76D166667230007EEB1 /* AFNetworking.h */,
				783DA76E166667230007EEB1 /* AFPropertyListRequestOperation.h */,
				783DA76F166667230007EEB1 /* AFPropertyListRequestOperation.m */,
				783DA770166667230007EEB1 /* AFURLConnectionOperation.h */,
				783DA771166667230007EEB1 /* AFURLConnectionOperation.m */,
				783DA772166667230007EEB1 /* AFXMLRequestOperation.h */,
				783DA773166667230007EEB1 /* AFXMLRequestOperation.m */,
				783DA774166667230007EEB1 /* UIImageView+AFNetworking.h */,
				783DA775166667230007EEB1 /* UIImageView+AFNetworking.m */,
			);
			path = AFNetworking;
			sourceTree = "<group>";
		};
		783DA74B166665A30007EEB1 /* Controllers */ = {
			isa = PBXGroup;
			children = (
				783DA759166666E00007EEB1 /* IFViewController.h */,
				783DA75A166666E00007EEB1 /* IFViewController.m */,
				783DA758166666E00007EEB1 /* IFViewController_iPhone.xib */,
			);
			path = Controllers;
			sourceTree = "<group>";
		};
		783DA74C166665BF0007EEB1 /* StackOverflowRequest */ = {
			isa = PBXGroup;
			children = (
				783DA75F166666F60007EEB1 /* IFStackOverflowRequest.h */,
				783DA760166666F60007EEB1 /* IFStackOverflowRequest.m */,
			);
			path = StackOverflowRequest;
			sourceTree = "<group>";
		};
		783DA788166672860007EEB1 /* IFQuestionBuilder */ = {
			isa = PBXGroup;
			children = (
				783DA78D1666745D0007EEB1 /* IFQuestionBuilder.h */,
				783DA78E1666745D0007EEB1 /* IFQuestionBuilder.m */,
			);
			path = IFQuestionBuilder;
			sourceTree = "<group>";
		};
		788B8DC3166389A20060CDA8 = {
			isa = PBXGroup;
			children = (
				788B8DD8166389A20060CDA8 /* use-bdd */,
				788B8DFF166389A20060CDA8 /* use-bddTests */,
				788B8DD1166389A20060CDA8 /* Frameworks */,
				788B8DCF166389A20060CDA8 /* Products */,
			);
			sourceTree = "<group>";
		};
		788B8DCF166389A20060CDA8 /* Products */ = {
			isa = PBXGroup;
			children = (
				788B8DCE166389A20060CDA8 /* use-bdd.app */,
				788B8DF8166389A20060CDA8 /* use-bddTests.octest */,
			);
			name = Products;
			sourceTree = "<group>";
		};
		788B8DD1166389A20060CDA8 /* Frameworks */ = {
			isa = PBXGroup;
			children = (
				783DA743166662AD0007EEB1 /* MobileCoreServices.framework */,
				783DA741166662720007EEB1 /* SystemConfiguration.framework */,
				78BC265D1665017900147AF1 /* libKiwi.a */,
				788B8DD2166389A20060CDA8 /* UIKit.framework */,
				788B8DD4166389A20060CDA8 /* Foundation.framework */,
				788B8DD6166389A20060CDA8 /* CoreGraphics.framework */,
				788B8DF9166389A20060CDA8 /* SenTestingKit.framework */,
			);
			name = Frameworks;
			sourceTree = "<group>";
		};
		788B8DD8166389A20060CDA8 /* use-bdd */ = {
			isa = PBXGroup;
			children = (
				783DA74B166665A30007EEB1 /* Controllers */,
				78BC268916651FF900147AF1 /* Utils */,
				788B8DE1166389A20060CDA8 /* IFAppDelegate.h */,
				788B8DE2166389A20060CDA8 /* IFAppDelegate.m */,
				788B8DD9166389A20060CDA8 /* Supporting Files */,
			);
			path = "use-bdd";
			sourceTree = "<group>";
		};
		788B8DD9166389A20060CDA8 /* Supporting Files */ = {
			isa = PBXGroup;
			children = (
				788B8DDA166389A20060CDA8 /* use-bdd-Info.plist */,
				788B8DDB166389A20060CDA8 /* InfoPlist.strings */,
				788B8DDE166389A20060CDA8 /* main.m */,
				788B8DE0166389A20060CDA8 /* use-bdd-Prefix.pch */,
				788B8DE4166389A20060CDA8 /* Default.png */,
				788B8DE6166389A20060CDA8 /* Default@2x.png */,
				788B8DE8166389A20060CDA8 /* Default-568h@2x.png */,
			);
			name = "Supporting Files";
			sourceTree = "<group>";
		};
		788B8DFF166389A20060CDA8 /* use-bddTests */ = {
			isa = PBXGroup;
			children = (
				788B8E05166389A20060CDA8 /* use_bddTests.h */,
				788B8E06166389A20060CDA8 /* use_bddTests.m */,
				788B8E00166389A20060CDA8 /* Supporting Files */,
				78BC265A166500C700147AF1 /* MathSpec.m */,
				78BC2683166516E400147AF1 /* IFViewControllerSpec.m */,
				783DA797166675CB0007EEB1 /* IFQuestionBuilderSpec.m */,
			);
			path = "use-bddTests";
			sourceTree = "<group>";
		};
		788B8E00166389A20060CDA8 /* Supporting Files */ = {
			isa = PBXGroup;
			children = (
				788B8E01166389A20060CDA8 /* use-bddTests-Info.plist */,
				788B8E02166389A20060CDA8 /* InfoPlist.strings */,
			);
			name = "Supporting Files";
			sourceTree = "<group>";
		};
		78BC268916651FF900147AF1 /* Utils */ = {
			isa = PBXGroup;
			children = (
				783DA788166672860007EEB1 /* IFQuestionBuilder */,
				783DA74C166665BF0007EEB1 /* StackOverflowRequest */,
				783DA71B166662580007EEB1 /* AFNetworking */,
				78BC268A1665200500147AF1 /* Categories */,
			);
			path = Utils;
			sourceTree = "<group>";
		};
		78BC268A1665200500147AF1 /* Categories */ = {
			isa = PBXGroup;
			children = (
				783DA793166675900007EEB1 /* NSObject+Properties.h */,
				783DA794166675900007EEB1 /* NSObject+Properties.m */,
			);
			path = Categories;
			sourceTree = "<group>";
		};
/* End PBXGroup section */

/* Begin PBXNativeTarget section */
		788B8DCD166389A20060CDA8 /* use-bdd */ = {
			isa = PBXNativeTarget;
			buildConfigurationList = 788B8E0A166389A20060CDA8 /* Build configuration list for PBXNativeTarget "use-bdd" */;
			buildPhases = (
				788B8DCA166389A20060CDA8 /* Sources */,
				788B8DCB166389A20060CDA8 /* Frameworks */,
				788B8DCC166389A20060CDA8 /* Resources */,
			);
			buildRules = (
			);
			dependencies = (
			);
			name = "use-bdd";
			productName = "use-bdd";
			productReference = 788B8DCE166389A20060CDA8 /* use-bdd.app */;
			productType = "com.apple.product-type.application";
		};
		788B8DF7166389A20060CDA8 /* use-bddTests */ = {
			isa = PBXNativeTarget;
			buildConfigurationList = 788B8E0D166389A20060CDA8 /* Build configuration list for PBXNativeTarget "use-bddTests" */;
			buildPhases = (
				788B8DF3166389A20060CDA8 /* Sources */,
				788B8DF4166389A20060CDA8 /* Frameworks */,
				788B8DF5166389A20060CDA8 /* Resources */,
				788B8DF6166389A20060CDA8 /* ShellScript */,
			);
			buildRules = (
			);
			dependencies = (
				788B8DFE166389A20060CDA8 /* PBXTargetDependency */,
			);
			name = "use-bddTests";
			productName = "use-bddTests";
			productReference = 788B8DF8166389A20060CDA8 /* use-bddTests.octest */;
			productType = "com.apple.product-type.bundle";
		};
/* End PBXNativeTarget section */

/* Begin PBXProject section */
		788B8DC5166389A20060CDA8 /* Project object */ = {
			isa = PBXProject;
			attributes = {
				CLASSPREFIX = IF;
				LastUpgradeCheck = 0450;
				ORGANIZATIONNAME = IgorFedorchuk;
			};
			buildConfigurationList = 788B8DC8166389A20060CDA8 /* Build configuration list for PBXProject "use-bdd" */;
			compatibilityVersion = "Xcode 3.2";
			developmentRegion = English;
			hasScannedForEncodings = 0;
			knownRegions = (
				en,
			);
			mainGroup = 788B8DC3166389A20060CDA8;
			productRefGroup = 788B8DCF166389A20060CDA8 /* Products */;
			projectDirPath = "";
			projectRoot = "";
			targets = (
				788B8DCD166389A20060CDA8 /* use-bdd */,
				788B8DF7166389A20060CDA8 /* use-bddTests */,
			);
		};
/* End PBXProject section */

/* Begin PBXResourcesBuildPhase section */
		788B8DCC166389A20060CDA8 /* Resources */ = {
			isa = PBXResourcesBuildPhase;
			buildActionMask = 2147483647;
			files = (
				788B8DDD166389A20060CDA8 /* InfoPlist.strings in Resources */,
				788B8DE5166389A20060CDA8 /* Default.png in Resources */,
				788B8DE7166389A20060CDA8 /* Default@2x.png in Resources */,
				788B8DE9166389A20060CDA8 /* Default-568h@2x.png in Resources */,
				783DA75B166666E00007EEB1 /* IFViewController_iPhone.xib in Resources */,
			);
			runOnlyForDeploymentPostprocessing = 0;
		};
		788B8DF5166389A20060CDA8 /* Resources */ = {
			isa = PBXResourcesBuildPhase;
			buildActionMask = 2147483647;
			files = (
				788B8E04166389A20060CDA8 /* InfoPlist.strings in Resources */,
				783DA75C166666E00007EEB1 /* IFViewController_iPhone.xib in Resources */,
			);
			runOnlyForDeploymentPostprocessing = 0;
		};
/* End PBXResourcesBuildPhase section */

/* Begin PBXShellScriptBuildPhase section */
		788B8DF6166389A20060CDA8 /* ShellScript */ = {
			isa = PBXShellScriptBuildPhase;
			buildActionMask = 2147483647;
			files = (
			);
			inputPaths = (
			);
			outputPaths = (
			);
			runOnlyForDeploymentPostprocessing = 0;
			shellPath = /bin/sh;
			shellScript = "# Run the unit tests in this test bundle.\n\"${SYSTEM_DEVELOPER_DIR}/Tools/RunUnitTests\"\n";
		};
/* End PBXShellScriptBuildPhase section */

/* Begin PBXSourcesBuildPhase section */
		788B8DCA166389A20060CDA8 /* Sources */ = {
			isa = PBXSourcesBuildPhase;
			buildActionMask = 2147483647;
			files = (
				788B8DDF166389A20060CDA8 /* main.m in Sources */,
				788B8DE3166389A20060CDA8 /* IFAppDelegate.m in Sources */,
				783DA75D166666E00007EEB1 /* IFViewController.m in Sources */,
				783DA761166666F60007EEB1 /* IFStackOverflowRequest.m in Sources */,
				783DA776166667230007EEB1 /* AFHTTPClient.m in Sources */,
				783DA778166667230007EEB1 /* AFHTTPRequestOperation.m in Sources */,
				783DA77A166667230007EEB1 /* AFImageRequestOperation.m in Sources */,
				783DA77C166667230007EEB1 /* AFJSONRequestOperation.m in Sources */,
				783DA77E166667230007EEB1 /* AFNetworkActivityIndicatorManager.m in Sources */,
				783DA780166667230007EEB1 /* AFPropertyListRequestOperation.m in Sources */,
				783DA782166667230007EEB1 /* AFURLConnectionOperation.m in Sources */,
				783DA784166667230007EEB1 /* AFXMLRequestOperation.m in Sources */,
				783DA786166667230007EEB1 /* UIImageView+AFNetworking.m in Sources */,
				783DA78F1666745D0007EEB1 /* IFQuestionBuilder.m in Sources */,
				783DA795166675900007EEB1 /* NSObject+Properties.m in Sources */,
			);
			runOnlyForDeploymentPostprocessing = 0;
		};
		788B8DF3166389A20060CDA8 /* Sources */ = {
			isa = PBXSourcesBuildPhase;
			buildActionMask = 2147483647;
			files = (
				788B8E07166389A20060CDA8 /* use_bddTests.m in Sources */,
				78BC265B166500C700147AF1 /* MathSpec.m in Sources */,
				78BC2684166516E400147AF1 /* IFViewControllerSpec.m in Sources */,
				783DA75E166666E00007EEB1 /* IFViewController.m in Sources */,
				783DA762166666F60007EEB1 /* IFStackOverflowRequest.m in Sources */,
				783DA777166667230007EEB1 /* AFHTTPClient.m in Sources */,
				783DA779166667230007EEB1 /* AFHTTPRequestOperation.m in Sources */,
				783DA77B166667230007EEB1 /* AFImageRequestOperation.m in Sources */,
				783DA77D166667230007EEB1 /* AFJSONRequestOperation.m in Sources */,
				783DA77F166667230007EEB1 /* AFNetworkActivityIndicatorManager.m in Sources */,
				783DA781166667230007EEB1 /* AFPropertyListRequestOperation.m in Sources */,
				783DA783166667230007EEB1 /* AFURLConnectionOperation.m in Sources */,
				783DA785166667230007EEB1 /* AFXMLRequestOperation.m in Sources */,
				783DA787166667230007EEB1 /* UIImageView+AFNetworking.m in Sources */,
				783DA7901666745D0007EEB1 /* IFQuestionBuilder.m in Sources */,
				783DA796166675900007EEB1 /* NSObject+Properties.m in Sources */,
				783DA798166675CB0007EEB1 /* IFQuestionBuilderSpec.m in Sources */,
			);
			runOnlyForDeploymentPostprocessing = 0;
		};
/* End PBXSourcesBuildPhase section */

/* Begin PBXTargetDependency section */
		788B8DFE166389A20060CDA8 /* PBXTargetDependency */ = {
			isa = PBXTargetDependency;
			target = 788B8DCD166389A20060CDA8 /* use-bdd */;
			targetProxy = 788B8DFD166389A20060CDA8 /* PBXContainerItemProxy */;
		};
/* End PBXTargetDependency section */

/* Begin PBXVariantGroup section */
		788B8DDB166389A20060CDA8 /* InfoPlist.strings */ = {
			isa = PBXVariantGroup;
			children = (
				788B8DDC166389A20060CDA8 /* en */,
			);
			name = InfoPlist.strings;
			sourceTree = "<group>";
		};
		788B8E02166389A20060CDA8 /* InfoPlist.strings */ = {
			isa = PBXVariantGroup;
			children = (
				788B8E03166389A20060CDA8 /* en */,
			);
			name = InfoPlist.strings;
			sourceTree = "<group>";
		};
/* End PBXVariantGroup section */

/* Begin XCBuildConfiguration section */
		788B8E08166389A20060CDA8 /* Debug */ = {
			isa = XCBuildConfiguration;
			buildSettings = {
				ALWAYS_SEARCH_USER_PATHS = NO;
				CLANG_CXX_LANGUAGE_STANDARD = "gnu++0x";
				CLANG_CXX_LIBRARY = "libc++";
				CLANG_ENABLE_OBJC_ARC = YES;
				CLANG_WARN_EMPTY_BODY = YES;
				CLANG_WARN__DUPLICATE_METHOD_MATCH = YES;
				"CODE_SIGN_IDENTITY[sdk=iphoneos*]" = "iPhone Developer";
				COPY_PHASE_STRIP = NO;
				GCC_C_LANGUAGE_STANDARD = gnu99;
				GCC_DYNAMIC_NO_PIC = NO;
				GCC_OPTIMIZATION_LEVEL = 0;
				GCC_PREPROCESSOR_DEFINITIONS = (
					"DEBUG=1",
					"$(inherited)",
				);
				GCC_SYMBOLS_PRIVATE_EXTERN = NO;
				GCC_WARN_ABOUT_RETURN_TYPE = YES;
				GCC_WARN_UNINITIALIZED_AUTOS = YES;
				GCC_WARN_UNUSED_VARIABLE = YES;
				IPHONEOS_DEPLOYMENT_TARGET = 6.0;
				ONLY_ACTIVE_ARCH = YES;
				SDKROOT = iphoneos;
				TARGETED_DEVICE_FAMILY = "1,2";
			};
			name = Debug;
		};
		788B8E09166389A20060CDA8 /* Release */ = {
			isa = XCBuildConfiguration;
			buildSettings = {
				ALWAYS_SEARCH_USER_PATHS = NO;
				CLANG_CXX_LANGUAGE_STANDARD = "gnu++0x";
				CLANG_CXX_LIBRARY = "libc++";
				CLANG_ENABLE_OBJC_ARC = YES;
				CLANG_WARN_EMPTY_BODY = YES;
				CLANG_WARN__DUPLICATE_METHOD_MATCH = YES;
				"CODE_SIGN_IDENTITY[sdk=iphoneos*]" = "iPhone Developer";
				COPY_PHASE_STRIP = YES;
				GCC_C_LANGUAGE_STANDARD = gnu99;
				GCC_WARN_ABOUT_RETURN_TYPE = YES;
				GCC_WARN_UNINITIALIZED_AUTOS = YES;
				GCC_WARN_UNUSED_VARIABLE = YES;
				IPHONEOS_DEPLOYMENT_TARGET = 6.0;
				OTHER_CFLAGS = "-DNS_BLOCK_ASSERTIONS=1";
				SDKROOT = iphoneos;
				TARGETED_DEVICE_FAMILY = "1,2";
				VALIDATE_PRODUCT = YES;
			};
			name = Release;
		};
		788B8E0B166389A20060CDA8 /* Debug */ = {
			isa = XCBuildConfiguration;
			buildSettings = {
				GCC_PRECOMPILE_PREFIX_HEADER = YES;
				GCC_PREFIX_HEADER = "use-bdd/use-bdd-Prefix.pch";
				INFOPLIST_FILE = "use-bdd/use-bdd-Info.plist";
				IPHONEOS_DEPLOYMENT_TARGET = 5.0;
				PRODUCT_NAME = "$(TARGET_NAME)";
				TARGETED_DEVICE_FAMILY = 1;
				WRAPPER_EXTENSION = app;
			};
			name = Debug;
		};
		788B8E0C166389A20060CDA8 /* Release */ = {
			isa = XCBuildConfiguration;
			buildSettings = {
				GCC_PRECOMPILE_PREFIX_HEADER = YES;
				GCC_PREFIX_HEADER = "use-bdd/use-bdd-Prefix.pch";
				INFOPLIST_FILE = "use-bdd/use-bdd-Info.plist";
				IPHONEOS_DEPLOYMENT_TARGET = 5.0;
				PRODUCT_NAME = "$(TARGET_NAME)";
				TARGETED_DEVICE_FAMILY = 1;
				WRAPPER_EXTENSION = app;
			};
			name = Release;
		};
		788B8E0E166389A20060CDA8 /* Debug */ = {
			isa = XCBuildConfiguration;
			buildSettings = {
				BUNDLE_LOADER = "$(BUILT_PRODUCTS_DIR)/use-bdd.app/use-bdd";
				FRAMEWORK_SEARCH_PATHS = (
					"\"$(SDKROOT)/Developer/Library/Frameworks\"",
					"\"$(DEVELOPER_LIBRARY_DIR)/Frameworks\"",
				);
				GCC_PRECOMPILE_PREFIX_HEADER = YES;
				GCC_PREFIX_HEADER = "use-bdd/use-bdd-Prefix.pch";
				INFOPLIST_FILE = "use-bddTests/use-bddTests-Info.plist";
				IPHONEOS_DEPLOYMENT_TARGET = 5.0;
				OTHER_LDFLAGS = "-all_load";
				PRODUCT_NAME = "$(TARGET_NAME)";
				TEST_HOST = "$(BUNDLE_LOADER)";
				USER_HEADER_SEARCH_PATHS = "$(SOURCE_ROOT)/Frameworks/Kiwi/Kiwi";
				WRAPPER_EXTENSION = octest;
			};
			name = Debug;
		};
		788B8E0F166389A20060CDA8 /* Release */ = {
			isa = XCBuildConfiguration;
			buildSettings = {
				BUNDLE_LOADER = "$(BUILT_PRODUCTS_DIR)/use-bdd.app/use-bdd";
				FRAMEWORK_SEARCH_PATHS = (
					"\"$(SDKROOT)/Developer/Library/Frameworks\"",
					"\"$(DEVELOPER_LIBRARY_DIR)/Frameworks\"",
				);
				GCC_PRECOMPILE_PREFIX_HEADER = YES;
				GCC_PREFIX_HEADER = "use-bdd/use-bdd-Prefix.pch";
				INFOPLIST_FILE = "use-bddTests/use-bddTests-Info.plist";
				IPHONEOS_DEPLOYMENT_TARGET = 5.0;
				OTHER_LDFLAGS = "-all_load";
				PRODUCT_NAME = "$(TARGET_NAME)";
				TEST_HOST = "$(BUNDLE_LOADER)";
				USER_HEADER_SEARCH_PATHS = "$(SOURCE_ROOT)/Frameworks/Kiwi/Kiwi";
				WRAPPER_EXTENSION = octest;
			};
			name = Release;
		};
/* End XCBuildConfiguration section */

/* Begin XCConfigurationList section */
		788B8DC8166389A20060CDA8 /* Build configuration list for PBXProject "use-bdd" */ = {
			isa = XCConfigurationList;
			buildConfigurations = (
				788B8E08166389A20060CDA8 /* Debug */,
				788B8E09166389A20060CDA8 /* Release */,
			);
			defaultConfigurationIsVisible = 0;
			defaultConfigurationName = Release;
		};
		788B8E0A166389A20060CDA8 /* Build configuration list for PBXNativeTarget "use-bdd" */ = {
			isa = XCConfigurationList;
			buildConfigurations = (
				788B8E0B166389A20060CDA8 /* Debug */,
				788B8E0C166389A20060CDA8 /* Release */,
			);
			defaultConfigurationIsVisible = 0;
			defaultConfigurationName = Release;
		};
		788B8E0D166389A20060CDA8 /* Build configuration list for PBXNativeTarget "use-bddTests" */ = {
			isa = XCConfigurationList;
			buildConfigurations = (
				788B8E0E166389A20060CDA8 /* Debug */,
				788B8E0F166389A20060CDA8 /* Release */,
			);
			defaultConfigurationIsVisible = 0;
			defaultConfigurationName = Release;
		};
/* End XCConfigurationList section */
	};
	rootObject = 788B8DC5166389A20060CDA8 /* Project object */;
}
