<?xml version="1.0" encoding="UTF-8"?>
<!DOCTYPE plist PUBLIC "-//Apple//DTD PLIST 1.0//EN" "http://www.apple.com/DTDs/PropertyList-1.0.dtd">
<plist version="1.0">
<dict>
	<key>archiveVersion</key>
	<string>1</string>
	<key>classes</key>
	<dict/>
	<key>objectVersion</key>
	<string>46</string>
	<key>objects</key>
	<dict>
		<key>016F019E846BA7CF23686C1B</key>
		<dict>
			<key>explicitFileType</key>
			<string>archive.ar</string>
			<key>includeInIndex</key>
			<string>0</string>
			<key>isa</key>
			<string>PBXFileReference</string>
			<key>path</key>
			<string>libPods-use-bddTests.a</string>
			<key>sourceTree</key>
			<string>BUILT_PRODUCTS_DIR</string>
		</dict>
		<key>0B871823194001367503D618</key>
		<dict>
			<key>explicitFileType</key>
			<string>archive.ar</string>
			<key>includeInIndex</key>
			<string>0</string>
			<key>isa</key>
			<string>PBXFileReference</string>
			<key>path</key>
			<string>libPods-test.a</string>
			<key>sourceTree</key>
			<string>BUILT_PRODUCTS_DIR</string>
		</dict>
		<key>1D457FF5D06C8192A6D40CB0</key>
		<dict>
			<key>includeInIndex</key>
			<string>1</string>
			<key>isa</key>
			<string>PBXFileReference</string>
			<key>lastKnownFileType</key>
			<string>text.xcconfig</string>
			<key>name</key>
			<string>Pods-use-bdd.debug.xcconfig</string>
			<key>path</key>
			<string>Pods/Target Support Files/Pods-use-bdd/Pods-use-bdd.debug.xcconfig</string>
			<key>sourceTree</key>
			<string>&lt;group&gt;</string>
		</dict>
		<key>244ADD4EB869E1245126D730</key>
		<dict>
			<key>buildActionMask</key>
			<string>2147483647</string>
			<key>files</key>
			<array/>
			<key>inputPaths</key>
			<array/>
			<key>isa</key>
			<string>PBXShellScriptBuildPhase</string>
			<key>name</key>
			<string>Check Pods Manifest.lock</string>
			<key>outputPaths</key>
			<array/>
			<key>runOnlyForDeploymentPostprocessing</key>
			<string>0</string>
			<key>shellPath</key>
			<string>/bin/sh</string>
			<key>shellScript</key>
			<string>diff "${PODS_ROOT}/../Podfile.lock" "${PODS_ROOT}/Manifest.lock" &gt; /dev/null
if [[ $? != 0 ]] ; then
    cat &lt;&lt; EOM
error: The sandbox is not in sync with the Podfile.lock. Run 'pod install' or update your CocoaPods installation.
EOM
    exit 1
fi
</string>
			<key>showEnvVarsInLog</key>
			<string>0</string>
		</dict>
		<key>308E3F5E13DE9CC3D72E8B80</key>
		<dict>
			<key>includeInIndex</key>
			<string>1</string>
			<key>isa</key>
			<string>PBXFileReference</string>
			<key>lastKnownFileType</key>
			<string>text.xcconfig</string>
			<key>name</key>
			<string>Pods-use-bddTests.debug.xcconfig</string>
			<key>path</key>
			<string>Pods/Target Support Files/Pods-use-bddTests/Pods-use-bddTests.debug.xcconfig</string>
			<key>sourceTree</key>
			<string>&lt;group&gt;</string>
		</dict>
		<key>37F39D53BB00490BD8AE30A6</key>
		<dict>
			<key>includeInIndex</key>
			<string>1</string>
			<key>isa</key>
			<string>PBXFileReference</string>
			<key>lastKnownFileType</key>
			<string>text.xcconfig</string>
			<key>name</key>
			<string>Pods-test.debug.xcconfig</string>
			<key>path</key>
			<string>Pods/Target Support Files/Pods-test/Pods-test.debug.xcconfig</string>
			<key>sourceTree</key>
			<string>&lt;group&gt;</string>
		</dict>
		<key>4C0E7D7545A1624C9E63949C</key>
		<dict>
			<key>children</key>
			<array>
				<string>1D457FF5D06C8192A6D40CB0</string>
				<string>B2866077FDE61D3DB32C1131</string>
				<string>308E3F5E13DE9CC3D72E8B80</string>
				<string>D251DBCD10DA1421AB722173</string>
				<string>37F39D53BB00490BD8AE30A6</string>
				<string>EFE0D1B2A434167ACEF12A91</string>
			</array>
			<key>isa</key>
			<string>PBXGroup</string>
			<key>name</key>
			<string>Pods</string>
			<key>sourceTree</key>
			<string>&lt;group&gt;</string>
		</dict>
		<key>5BAB97DE92DFEC1AEE50765F</key>
		<dict>
			<key>buildActionMask</key>
			<string>2147483647</string>
			<key>files</key>
			<array/>
			<key>inputPaths</key>
			<array/>
			<key>isa</key>
			<string>PBXShellScriptBuildPhase</string>
			<key>name</key>
			<string>Check Pods Manifest.lock</string>
			<key>outputPaths</key>
			<array/>
			<key>runOnlyForDeploymentPostprocessing</key>
			<string>0</string>
			<key>shellPath</key>
			<string>/bin/sh</string>
			<key>shellScript</key>
			<string>diff "${PODS_ROOT}/../Podfile.lock" "${PODS_ROOT}/Manifest.lock" &gt; /dev/null
if [[ $? != 0 ]] ; then
    cat &lt;&lt; EOM
error: The sandbox is not in sync with the Podfile.lock. Run 'pod install' or update your CocoaPods installation.
EOM
    exit 1
fi
</string>
			<key>showEnvVarsInLog</key>
			<string>0</string>
		</dict>
		<key>686B2538E70B577D5E1BAC5B</key>
		<dict>
			<key>explicitFileType</key>
			<string>archive.ar</string>
			<key>includeInIndex</key>
			<string>0</string>
			<key>isa</key>
			<string>PBXFileReference</string>
			<key>path</key>
			<string>libPods-use-bdd.a</string>
			<key>sourceTree</key>
			<string>BUILT_PRODUCTS_DIR</string>
		</dict>
		<key>7780D3FF1B722484006F0F15</key>
		<dict>
			<key>isa</key>
			<string>PBXFileReference</string>
			<key>lastKnownFileType</key>
			<string>compiled.mach-o.dylib</string>
			<key>path</key>
			<string>libz.dylib</string>
			<key>sourceTree</key>
			<string>&lt;group&gt;</string>
		</dict>
		<key>7780D4001B722484006F0F15</key>
		<dict>
			<key>isa</key>
			<string>PBXFileReference</string>
			<key>lastKnownFileType</key>
			<string>compiled.mach-o.dylib</string>
			<key>path</key>
			<string>libc++.dylib</string>
			<key>sourceTree</key>
			<string>&lt;group&gt;</string>
		</dict>
		<key>7780D4011B722484006F0F15</key>
		<dict>
			<key>isa</key>
			<string>PBXFileReference</string>
			<key>lastKnownFileType</key>
			<string>wrapper.framework</string>
			<key>path</key>
			<string>Fabric.framework</string>
			<key>sourceTree</key>
			<string>&lt;group&gt;</string>
		</dict>
		<key>7780D4021B722484006F0F15</key>
		<dict>
			<key>isa</key>
			<string>PBXFileReference</string>
			<key>lastKnownFileType</key>
			<string>wrapper.framework</string>
			<key>path</key>
			<string>Crashlytics.framework</string>
			<key>sourceTree</key>
			<string>&lt;group&gt;</string>
		</dict>
		<key>7780D4031B722484006F0F15</key>
		<dict>
			<key>fileRef</key>
			<string>7780D3FF1B722484006F0F15</string>
			<key>isa</key>
			<string>PBXBuildFile</string>
		</dict>
		<key>7780D4041B722484006F0F15</key>
		<dict>
			<key>fileRef</key>
			<string>7780D4001B722484006F0F15</string>
			<key>isa</key>
			<string>PBXBuildFile</string>
		</dict>
		<key>7780D4051B722484006F0F15</key>
		<dict>
			<key>fileRef</key>
			<string>7780D4011B722484006F0F15</string>
			<key>isa</key>
			<string>PBXBuildFile</string>
		</dict>
		<key>7780D4061B722484006F0F15</key>
		<dict>
			<key>fileRef</key>
			<string>7780D4021B722484006F0F15</string>
			<key>isa</key>
			<string>PBXBuildFile</string>
		</dict>
		<key>7780D4071B723C5A006F0F15</key>
		<dict>
			<key>buildSettings</key>
			<dict>
				<key>ALWAYS_SEARCH_USER_PATHS</key>
				<string>NO</string>
				<key>CLANG_CXX_LANGUAGE_STANDARD</key>
				<string>gnu++0x</string>
				<key>CLANG_CXX_LIBRARY</key>
				<string>libc++</string>
				<key>CLANG_ENABLE_OBJC_ARC</key>
				<string>YES</string>
				<key>CLANG_WARN_EMPTY_BODY</key>
				<string>YES</string>
				<key>CLANG_WARN__DUPLICATE_METHOD_MATCH</key>
				<string>YES</string>
				<key>CODE_SIGN_IDENTITY[sdk=iphoneos*]</key>
				<string>iPhone Developer</string>
				<key>COPY_PHASE_STRIP</key>
				<string>YES</string>
				<key>GCC_C_LANGUAGE_STANDARD</key>
				<string>gnu99</string>
				<key>GCC_WARN_ABOUT_RETURN_TYPE</key>
				<string>YES</string>
				<key>GCC_WARN_UNINITIALIZED_AUTOS</key>
				<string>YES</string>
				<key>GCC_WARN_UNUSED_VARIABLE</key>
				<string>YES</string>
				<key>IPHONEOS_DEPLOYMENT_TARGET</key>
				<string>7.0</string>
				<key>OTHER_CFLAGS</key>
				<string>-DNS_BLOCK_ASSERTIONS=1</string>
				<key>SDKROOT</key>
				<string>iphoneos</string>
				<key>TARGETED_DEVICE_FAMILY</key>
				<string>1,2</string>
				<key>VALIDATE_PRODUCT</key>
				<string>YES</string>
			</dict>
			<key>isa</key>
			<string>XCBuildConfiguration</string>
			<key>name</key>
			<string>Adhoc</string>
		</dict>
		<key>7780D4081B723C5A006F0F15</key>
		<dict>
			<key>baseConfigurationReference</key>
			<string>B2866077FDE61D3DB32C1131</string>
			<key>buildSettings</key>
			<dict>
				<key>CODE_SIGN_IDENTITY</key>
				<string>iPhone Distribution</string>
				<key>FRAMEWORK_SEARCH_PATHS</key>
				<array>
					<string>$(inherited)</string>
					<string>$(PROJECT_DIR)</string>
				</array>
				<key>GCC_PRECOMPILE_PREFIX_HEADER</key>
				<string>YES</string>
				<key>GCC_PREFIX_HEADER</key>
				<string>use-bdd/use-bdd-Prefix.pch</string>
				<key>INFOPLIST_FILE</key>
				<string>use-bdd/use-bdd-Info.plist</string>
				<key>IPHONEOS_DEPLOYMENT_TARGET</key>
				<string>8.0</string>
				<key>LIBRARY_SEARCH_PATHS</key>
				<array>
					<string>$(inherited)</string>
					<string>$(PROJECT_DIR)</string>
				</array>
				<key>PRODUCT_BUNDLE_IDENTIFIER</key>
				<string>if.kiwi.com</string>
				<key>PRODUCT_NAME</key>
				<string>$(TARGET_NAME)</string>
				<key>PROVISIONING_PROFILE</key>
				<string></string>
				<key>TARGETED_DEVICE_FAMILY</key>
				<string>1</string>
				<key>WRAPPER_EXTENSION</key>
				<string>app</string>
			</dict>
			<key>isa</key>
			<string>XCBuildConfiguration</string>
			<key>name</key>
			<string>Adhoc</string>
		</dict>
		<key>7780D4091B723C5A006F0F15</key>
		<dict>
			<key>baseConfigurationReference</key>
			<string>EFE0D1B2A434167ACEF12A91</string>
			<key>buildSettings</key>
			<dict>
				<key>BUNDLE_LOADER</key>
				<string>$(TEST_HOST)</string>
				<key>CLANG_ENABLE_MODULES</key>
				<string>YES</string>
				<key>CLANG_WARN_BOOL_CONVERSION</key>
				<string>YES</string>
				<key>CLANG_WARN_CONSTANT_CONVERSION</key>
				<string>YES</string>
				<key>CLANG_WARN_DIRECT_OBJC_ISA_USAGE</key>
				<string>YES_ERROR</string>
				<key>CLANG_WARN_ENUM_CONVERSION</key>
				<string>YES</string>
				<key>CLANG_WARN_INT_CONVERSION</key>
				<string>YES</string>
				<key>CLANG_WARN_OBJC_ROOT_CLASS</key>
				<string>YES_ERROR</string>
				<key>CLANG_WARN_UNREACHABLE_CODE</key>
				<string>YES</string>
				<key>COPY_PHASE_STRIP</key>
				<string>NO</string>
				<key>DEBUG_INFORMATION_FORMAT</key>
				<string>dwarf-with-dsym</string>
				<key>ENABLE_NS_ASSERTIONS</key>
				<string>NO</string>
				<key>ENABLE_STRICT_OBJC_MSGSEND</key>
				<string>YES</string>
				<key>GCC_NO_COMMON_BLOCKS</key>
				<string>YES</string>
				<key>GCC_PREFIX_HEADER</key>
				<string>use-bdd/use-bdd-Prefix.pch</string>
				<key>GCC_WARN_64_TO_32_BIT_CONVERSION</key>
				<string>YES</string>
				<key>GCC_WARN_ABOUT_RETURN_TYPE</key>
				<string>YES_ERROR</string>
				<key>GCC_WARN_UNDECLARED_SELECTOR</key>
				<string>YES</string>
				<key>GCC_WARN_UNINITIALIZED_AUTOS</key>
				<string>YES_AGGRESSIVE</string>
				<key>GCC_WARN_UNUSED_FUNCTION</key>
				<string>YES</string>
				<key>INFOPLIST_FILE</key>
				<string>test/Info.plist</string>
				<key>IPHONEOS_DEPLOYMENT_TARGET</key>
				<string>8.0</string>
				<key>LD_RUNPATH_SEARCH_PATHS</key>
				<string>$(inherited) @executable_path/Frameworks @loader_path/Frameworks</string>
				<key>MTL_ENABLE_DEBUG_INFO</key>
				<string>NO</string>
				<key>PRODUCT_BUNDLE_IDENTIFIER</key>
				<string>if.kiwi.com</string>
				<key>PRODUCT_NAME</key>
				<string>$(TARGET_NAME)</string>
				<key>TEST_HOST</key>
				<string>$(BUILT_PRODUCTS_DIR)/use-bdd.app/use-bdd</string>
			</dict>
			<key>isa</key>
			<string>XCBuildConfiguration</string>
			<key>name</key>
			<string>Adhoc</string>
		</dict>
		<key>779413AAF239693E2F2F3E60</key>
		<dict>
			<key>fileRef</key>
			<string>686B2538E70B577D5E1BAC5B</string>
			<key>isa</key>
			<string>PBXBuildFile</string>
		</dict>
		<key>7830094916A005C9005B70DD</key>
		<dict>
			<key>fileEncoding</key>
			<string>4</string>
			<key>isa</key>
			<string>PBXFileReference</string>
			<key>lastKnownFileType</key>
			<string>sourcecode.c.h</string>
			<key>path</key>
			<string>NSArray+UniqueArray.h</string>
			<key>sourceTree</key>
			<string>&lt;group&gt;</string>
		</dict>
		<key>7830094A16A005C9005B70DD</key>
		<dict>
			<key>fileEncoding</key>
			<string>4</string>
			<key>isa</key>
			<string>PBXFileReference</string>
			<key>lastKnownFileType</key>
			<string>sourcecode.c.objc</string>
			<key>path</key>
			<string>NSArray+UniqueArray.m</string>
			<key>sourceTree</key>
			<string>&lt;group&gt;</string>
		</dict>
		<key>7830094B16A005C9005B70DD</key>
		<dict>
			<key>fileRef</key>
			<string>7830094A16A005C9005B70DD</string>
			<key>isa</key>
			<string>PBXBuildFile</string>
		</dict>
		<key>783DA741166662720007EEB1</key>
		<dict>
			<key>isa</key>
			<string>PBXFileReference</string>
			<key>lastKnownFileType</key>
			<string>wrapper.framework</string>
			<key>name</key>
			<string>SystemConfiguration.framework</string>
			<key>path</key>
			<string>System/Library/Frameworks/SystemConfiguration.framework</string>
			<key>sourceTree</key>
			<string>SDKROOT</string>
		</dict>
		<key>783DA743166662AD0007EEB1</key>
		<dict>
			<key>isa</key>
			<string>PBXFileReference</string>
			<key>lastKnownFileType</key>
			<string>wrapper.framework</string>
			<key>name</key>
			<string>MobileCoreServices.framework</string>
			<key>path</key>
			<string>System/Library/Frameworks/MobileCoreServices.framework</string>
			<key>sourceTree</key>
			<string>SDKROOT</string>
		</dict>
		<key>783DA745166662BB0007EEB1</key>
		<dict>
			<key>fileRef</key>
			<string>783DA743166662AD0007EEB1</string>
			<key>isa</key>
			<string>PBXBuildFile</string>
		</dict>
		<key>783DA746166662CB0007EEB1</key>
		<dict>
			<key>fileRef</key>
			<string>783DA741166662720007EEB1</string>
			<key>isa</key>
			<string>PBXBuildFile</string>
		</dict>
		<key>783DA74B166665A30007EEB1</key>
		<dict>
			<key>children</key>
			<array>
				<string>785D6E47169D7C250052EABB</string>
				<string>785D6E2E169D56CC0052EABB</string>
				<string>783DA759166666E00007EEB1</string>
				<string>783DA75A166666E00007EEB1</string>
				<string>783DA758166666E00007EEB1</string>
				<string>787D8EB7169C85B50071C906</string>
				<string>787D8EB8169C85B50071C906</string>
			</array>
			<key>isa</key>
			<string>PBXGroup</string>
			<key>path</key>
			<string>Controllers</string>
			<key>sourceTree</key>
			<string>&lt;group&gt;</string>
		</dict>
		<key>783DA758166666E00007EEB1</key>
		<dict>
			<key>fileEncoding</key>
			<string>4</string>
			<key>isa</key>
			<string>PBXFileReference</string>
			<key>lastKnownFileType</key>
			<string>file.xib</string>
			<key>path</key>
			<string>IFViewController_iPhone.xib</string>
			<key>sourceTree</key>
			<string>&lt;group&gt;</string>
		</dict>
		<key>783DA759166666E00007EEB1</key>
		<dict>
			<key>fileEncoding</key>
			<string>4</string>
			<key>isa</key>
			<string>PBXFileReference</string>
			<key>lastKnownFileType</key>
			<string>sourcecode.c.h</string>
			<key>path</key>
			<string>IFViewController.h</string>
			<key>sourceTree</key>
			<string>&lt;group&gt;</string>
		</dict>
		<key>783DA75A166666E00007EEB1</key>
		<dict>
			<key>fileEncoding</key>
			<string>4</string>
			<key>isa</key>
			<string>PBXFileReference</string>
			<key>lastKnownFileType</key>
			<string>sourcecode.c.objc</string>
			<key>path</key>
			<string>IFViewController.m</string>
			<key>sourceTree</key>
			<string>&lt;group&gt;</string>
		</dict>
		<key>783DA75B166666E00007EEB1</key>
		<dict>
			<key>fileRef</key>
			<string>783DA758166666E00007EEB1</string>
			<key>isa</key>
			<string>PBXBuildFile</string>
		</dict>
		<key>783DA75D166666E00007EEB1</key>
		<dict>
			<key>fileRef</key>
			<string>783DA75A166666E00007EEB1</string>
			<key>isa</key>
			<string>PBXBuildFile</string>
		</dict>
		<key>783DA788166672860007EEB1</key>
		<dict>
			<key>children</key>
			<array>
				<string>783DA78D1666745D0007EEB1</string>
				<string>783DA78E1666745D0007EEB1</string>
			</array>
			<key>isa</key>
			<string>PBXGroup</string>
			<key>path</key>
			<string>IFQuestionBuilder</string>
			<key>sourceTree</key>
			<string>&lt;group&gt;</string>
		</dict>
		<key>783DA78D1666745D0007EEB1</key>
		<dict>
			<key>fileEncoding</key>
			<string>4</string>
			<key>isa</key>
			<string>PBXFileReference</string>
			<key>lastKnownFileType</key>
			<string>sourcecode.c.h</string>
			<key>path</key>
			<string>IFQuestionBuilder.h</string>
			<key>sourceTree</key>
			<string>&lt;group&gt;</string>
		</dict>
		<key>783DA78E1666745D0007EEB1</key>
		<dict>
			<key>fileEncoding</key>
			<string>4</string>
			<key>isa</key>
			<string>PBXFileReference</string>
			<key>lastKnownFileType</key>
			<string>sourcecode.c.objc</string>
			<key>path</key>
			<string>IFQuestionBuilder.m</string>
			<key>sourceTree</key>
			<string>&lt;group&gt;</string>
		</dict>
		<key>783DA78F1666745D0007EEB1</key>
		<dict>
			<key>fileRef</key>
			<string>783DA78E1666745D0007EEB1</string>
			<key>isa</key>
			<string>PBXBuildFile</string>
		</dict>
		<key>783DA793166675900007EEB1</key>
		<dict>
			<key>fileEncoding</key>
			<string>4</string>
			<key>isa</key>
			<string>PBXFileReference</string>
			<key>lastKnownFileType</key>
			<string>sourcecode.c.h</string>
			<key>path</key>
			<string>NSObject+Properties.h</string>
			<key>sourceTree</key>
			<string>&lt;group&gt;</string>
		</dict>
		<key>783DA794166675900007EEB1</key>
		<dict>
			<key>fileEncoding</key>
			<string>4</string>
			<key>isa</key>
			<string>PBXFileReference</string>
			<key>lastKnownFileType</key>
			<string>sourcecode.c.objc</string>
			<key>path</key>
			<string>NSObject+Properties.m</string>
			<key>sourceTree</key>
			<string>&lt;group&gt;</string>
		</dict>
		<key>783DA795166675900007EEB1</key>
		<dict>
			<key>fileRef</key>
			<string>783DA794166675900007EEB1</string>
			<key>isa</key>
			<string>PBXBuildFile</string>
		</dict>
		<key>78412289168C689400CC8FAE</key>
		<dict>
			<key>children</key>
			<array>
				<string>7841228D168C68B800CC8FAE</string>
				<string>7841228E168C68B800CC8FAE</string>
				<string>7841228F168C68B800CC8FAE</string>
				<string>78412290168C68B800CC8FAE</string>
			</array>
			<key>isa</key>
			<string>PBXGroup</string>
			<key>path</key>
			<string>Models</string>
			<key>sourceTree</key>
			<string>&lt;group&gt;</string>
		</dict>
		<key>7841228D168C68B800CC8FAE</key>
		<dict>
			<key>fileEncoding</key>
			<string>4</string>
			<key>isa</key>
			<string>PBXFileReference</string>
			<key>lastKnownFileType</key>
			<string>sourcecode.c.h</string>
			<key>path</key>
			<string>IFPerson.h</string>
			<key>sourceTree</key>
			<string>&lt;group&gt;</string>
		</dict>
		<key>7841228E168C68B800CC8FAE</key>
		<dict>
			<key>fileEncoding</key>
			<string>4</string>
			<key>isa</key>
			<string>PBXFileReference</string>
			<key>lastKnownFileType</key>
			<string>sourcecode.c.objc</string>
			<key>path</key>
			<string>IFPerson.m</string>
			<key>sourceTree</key>
			<string>&lt;group&gt;</string>
		</dict>
		<key>7841228F168C68B800CC8FAE</key>
		<dict>
			<key>fileEncoding</key>
			<string>4</string>
			<key>isa</key>
			<string>PBXFileReference</string>
			<key>lastKnownFileType</key>
			<string>sourcecode.c.h</string>
			<key>path</key>
			<string>IFQuestion.h</string>
			<key>sourceTree</key>
			<string>&lt;group&gt;</string>
		</dict>
		<key>78412290168C68B800CC8FAE</key>
		<dict>
			<key>fileEncoding</key>
			<string>4</string>
			<key>isa</key>
			<string>PBXFileReference</string>
			<key>lastKnownFileType</key>
			<string>sourcecode.c.objc</string>
			<key>path</key>
			<string>IFQuestion.m</string>
			<key>sourceTree</key>
			<string>&lt;group&gt;</string>
		</dict>
		<key>78412292168C68B800CC8FAE</key>
		<dict>
			<key>fileRef</key>
			<string>7841228E168C68B800CC8FAE</string>
			<key>isa</key>
			<string>PBXBuildFile</string>
		</dict>
		<key>78412293168C68B800CC8FAE</key>
		<dict>
			<key>fileRef</key>
			<string>78412290168C68B800CC8FAE</string>
			<key>isa</key>
			<string>PBXBuildFile</string>
		</dict>
		<key>785D6E2E169D56CC0052EABB</key>
		<dict>
			<key>children</key>
			<array>
				<string>785D6E30169D57090052EABB</string>
				<string>785D6E31169D57090052EABB</string>
				<string>785D6E32169D57090052EABB</string>
			</array>
			<key>isa</key>
			<string>PBXGroup</string>
			<key>path</key>
			<string>QuestionCell</string>
			<key>sourceTree</key>
			<string>&lt;group&gt;</string>
		</dict>
		<key>785D6E30169D57090052EABB</key>
		<dict>
			<key>fileEncoding</key>
			<string>4</string>
			<key>isa</key>
			<string>PBXFileReference</string>
			<key>lastKnownFileType</key>
			<string>sourcecode.c.h</string>
			<key>path</key>
			<string>IFQuestionCell.h</string>
			<key>sourceTree</key>
			<string>&lt;group&gt;</string>
		</dict>
		<key>785D6E31169D57090052EABB</key>
		<dict>
			<key>fileEncoding</key>
			<string>4</string>
			<key>isa</key>
			<string>PBXFileReference</string>
			<key>lastKnownFileType</key>
			<string>sourcecode.c.objc</string>
			<key>path</key>
			<string>IFQuestionCell.m</string>
			<key>sourceTree</key>
			<string>&lt;group&gt;</string>
		</dict>
		<key>785D6E32169D57090052EABB</key>
		<dict>
			<key>fileEncoding</key>
			<string>4</string>
			<key>isa</key>
			<string>PBXFileReference</string>
			<key>lastKnownFileType</key>
			<string>file.xib</string>
			<key>path</key>
			<string>IFQuestionCell.xib</string>
			<key>sourceTree</key>
			<string>&lt;group&gt;</string>
		</dict>
		<key>785D6E33169D57090052EABB</key>
		<dict>
			<key>fileRef</key>
			<string>785D6E31169D57090052EABB</string>
			<key>isa</key>
			<string>PBXBuildFile</string>
		</dict>
		<key>785D6E35169D57090052EABB</key>
		<dict>
			<key>fileRef</key>
			<string>785D6E32169D57090052EABB</string>
			<key>isa</key>
			<string>PBXBuildFile</string>
		</dict>
		<key>785D6E47169D7C250052EABB</key>
		<dict>
			<key>children</key>
			<array>
				<string>785D6E48169D7C750052EABB</string>
				<string>785D6E49169D7C750052EABB</string>
				<string>785D6E4A169D7C750052EABB</string>
			</array>
			<key>isa</key>
			<string>PBXGroup</string>
			<key>path</key>
			<string>SpinerCell</string>
			<key>sourceTree</key>
			<string>&lt;group&gt;</string>
		</dict>
		<key>785D6E48169D7C750052EABB</key>
		<dict>
			<key>fileEncoding</key>
			<string>4</string>
			<key>isa</key>
			<string>PBXFileReference</string>
			<key>lastKnownFileType</key>
			<string>sourcecode.c.h</string>
			<key>path</key>
			<string>IFSpinerCell.h</string>
			<key>sourceTree</key>
			<string>&lt;group&gt;</string>
		</dict>
		<key>785D6E49169D7C750052EABB</key>
		<dict>
			<key>fileEncoding</key>
			<string>4</string>
			<key>isa</key>
			<string>PBXFileReference</string>
			<key>lastKnownFileType</key>
			<string>sourcecode.c.objc</string>
			<key>path</key>
			<string>IFSpinerCell.m</string>
			<key>sourceTree</key>
			<string>&lt;group&gt;</string>
		</dict>
		<key>785D6E4A169D7C750052EABB</key>
		<dict>
			<key>fileEncoding</key>
			<string>4</string>
			<key>isa</key>
			<string>PBXFileReference</string>
			<key>lastKnownFileType</key>
			<string>file.xib</string>
			<key>path</key>
			<string>IFSpinerCell.xib</string>
			<key>sourceTree</key>
			<string>&lt;group&gt;</string>
		</dict>
		<key>785D6E4B169D7C750052EABB</key>
		<dict>
			<key>fileRef</key>
			<string>785D6E49169D7C750052EABB</string>
			<key>isa</key>
			<string>PBXBuildFile</string>
		</dict>
		<key>785D6E4D169D7C750052EABB</key>
		<dict>
			<key>fileRef</key>
			<string>785D6E4A169D7C750052EABB</string>
			<key>isa</key>
			<string>PBXBuildFile</string>
		</dict>
		<key>787D8EB2169C736F0071C906</key>
		<dict>
			<key>children</key>
			<array>
				<string>787D8EB6169C74270071C906</string>
				<string>787D8EB4169C73A40071C906</string>
			</array>
			<key>isa</key>
			<string>PBXGroup</string>
			<key>path</key>
			<string>PersonBuilder</string>
			<key>sourceTree</key>
			<string>&lt;group&gt;</string>
		</dict>
		<key>787D8EB4169C73A40071C906</key>
		<dict>
			<key>fileEncoding</key>
			<string>4</string>
			<key>isa</key>
			<string>PBXFileReference</string>
			<key>lastKnownFileType</key>
			<string>sourcecode.c.objc</string>
			<key>path</key>
			<string>IFPersonBuilder.m</string>
			<key>sourceTree</key>
			<string>&lt;group&gt;</string>
		</dict>
		<key>787D8EB5169C73A40071C906</key>
		<dict>
			<key>fileRef</key>
			<string>787D8EB4169C73A40071C906</string>
			<key>isa</key>
			<string>PBXBuildFile</string>
		</dict>
		<key>787D8EB6169C74270071C906</key>
		<dict>
			<key>fileEncoding</key>
			<string>4</string>
			<key>isa</key>
			<string>PBXFileReference</string>
			<key>lastKnownFileType</key>
			<string>sourcecode.c.h</string>
			<key>path</key>
			<string>IFPersonBuilder.h</string>
			<key>sourceTree</key>
			<string>&lt;group&gt;</string>
		</dict>
		<key>787D8EB7169C85B50071C906</key>
		<dict>
			<key>fileEncoding</key>
			<string>4</string>
			<key>isa</key>
			<string>PBXFileReference</string>
			<key>lastKnownFileType</key>
			<string>sourcecode.c.h</string>
			<key>path</key>
			<string>IFQuestionTableDelegate.h</string>
			<key>sourceTree</key>
			<string>&lt;group&gt;</string>
		</dict>
		<key>787D8EB8169C85B50071C906</key>
		<dict>
			<key>fileEncoding</key>
			<string>4</string>
			<key>isa</key>
			<string>PBXFileReference</string>
			<key>lastKnownFileType</key>
			<string>sourcecode.c.objc</string>
			<key>path</key>
			<string>IFQuestionTableDelegate.m</string>
			<key>sourceTree</key>
			<string>&lt;group&gt;</string>
		</dict>
		<key>787D8EB9169C85B50071C906</key>
		<dict>
			<key>fileRef</key>
			<string>787D8EB8169C85B50071C906</string>
			<key>isa</key>
			<string>PBXBuildFile</string>
		</dict>
		<key>7885F6601B21602B001C179C</key>
		<dict>
			<key>children</key>
			<array>
				<string>7885F6611B216056001C179C</string>
				<string>7885F6621B216056001C179C</string>
				<string>7885F66C1B216156001C179C</string>
				<string>7885F6671B2160E7001C179C</string>
			</array>
			<key>isa</key>
			<string>PBXGroup</string>
			<key>path</key>
			<string>Network</string>
			<key>sourceTree</key>
			<string>&lt;group&gt;</string>
		</dict>
		<key>7885F6611B216056001C179C</key>
		<dict>
			<key>fileEncoding</key>
			<string>4</string>
			<key>isa</key>
			<string>PBXFileReference</string>
			<key>lastKnownFileType</key>
			<string>sourcecode.c.h</string>
			<key>path</key>
			<string>IFNetwork.h</string>
			<key>sourceTree</key>
			<string>&lt;group&gt;</string>
		</dict>
		<key>7885F6621B216056001C179C</key>
		<dict>
			<key>fileEncoding</key>
			<string>4</string>
			<key>isa</key>
			<string>PBXFileReference</string>
			<key>lastKnownFileType</key>
			<string>sourcecode.c.objc</string>
			<key>path</key>
			<string>IFNetwork.m</string>
			<key>sourceTree</key>
			<string>&lt;group&gt;</string>
		</dict>
		<key>7885F6631B216056001C179C</key>
		<dict>
			<key>fileRef</key>
			<string>7885F6621B216056001C179C</string>
			<key>isa</key>
			<string>PBXBuildFile</string>
		</dict>
		<key>7885F6671B2160E7001C179C</key>
		<dict>
			<key>children</key>
			<array>
				<string>7885F6681B2160E7001C179C</string>
				<string>7885F6691B2160E7001C179C</string>
			</array>
			<key>isa</key>
			<string>PBXGroup</string>
			<key>path</key>
			<string>WebCore</string>
			<key>sourceTree</key>
			<string>&lt;group&gt;</string>
		</dict>
		<key>7885F6681B2160E7001C179C</key>
		<dict>
			<key>fileEncoding</key>
			<string>4</string>
			<key>isa</key>
			<string>PBXFileReference</string>
			<key>lastKnownFileType</key>
			<string>sourcecode.c.h</string>
			<key>path</key>
			<string>IFWebCore.h</string>
			<key>sourceTree</key>
			<string>&lt;group&gt;</string>
		</dict>
		<key>7885F6691B2160E7001C179C</key>
		<dict>
			<key>fileEncoding</key>
			<string>4</string>
			<key>isa</key>
			<string>PBXFileReference</string>
			<key>lastKnownFileType</key>
			<string>sourcecode.c.objc</string>
			<key>path</key>
			<string>IFWebCore.m</string>
			<key>sourceTree</key>
			<string>&lt;group&gt;</string>
		</dict>
		<key>7885F66A1B2160E7001C179C</key>
		<dict>
			<key>fileRef</key>
			<string>7885F6691B2160E7001C179C</string>
			<key>isa</key>
			<string>PBXBuildFile</string>
		</dict>
		<key>7885F66C1B216156001C179C</key>
		<dict>
			<key>children</key>
			<array>
				<string>7885F66D1B216190001C179C</string>
				<string>7885F66E1B216190001C179C</string>
			</array>
			<key>isa</key>
			<string>PBXGroup</string>
			<key>path</key>
			<string>AnswerRequest</string>
			<key>sourceTree</key>
			<string>&lt;group&gt;</string>
		</dict>
		<key>7885F66D1B216190001C179C</key>
		<dict>
			<key>fileEncoding</key>
			<string>4</string>
			<key>isa</key>
			<string>PBXFileReference</string>
			<key>lastKnownFileType</key>
			<string>sourcecode.c.h</string>
			<key>path</key>
			<string>IFAnswerRequest.h</string>
			<key>sourceTree</key>
			<string>&lt;group&gt;</string>
		</dict>
		<key>7885F66E1B216190001C179C</key>
		<dict>
			<key>fileEncoding</key>
			<string>4</string>
			<key>isa</key>
			<string>PBXFileReference</string>
			<key>lastKnownFileType</key>
			<string>sourcecode.c.objc</string>
			<key>path</key>
			<string>IFAnswerRequest.m</string>
			<key>sourceTree</key>
			<string>&lt;group&gt;</string>
		</dict>
		<key>7885F66F1B216190001C179C</key>
		<dict>
			<key>fileRef</key>
			<string>7885F66E1B216190001C179C</string>
			<key>isa</key>
			<string>PBXBuildFile</string>
		</dict>
		<key>7885F6A01B21794F001C179C</key>
		<dict>
			<key>children</key>
			<array>
				<string>7885F6A11B21794F001C179C</string>
			</array>
			<key>isa</key>
			<string>PBXGroup</string>
			<key>path</key>
			<string>SynthesizeSingleton</string>
			<key>sourceTree</key>
			<string>&lt;group&gt;</string>
		</dict>
		<key>7885F6A11B21794F001C179C</key>
		<dict>
			<key>fileEncoding</key>
			<string>4</string>
			<key>isa</key>
			<string>PBXFileReference</string>
			<key>lastKnownFileType</key>
			<string>sourcecode.c.h</string>
			<key>path</key>
			<string>SynthesizeSingleton.h</string>
			<key>sourceTree</key>
			<string>&lt;group&gt;</string>
		</dict>
		<key>7885F6A21B217A48001C179C</key>
		<dict>
			<key>buildActionMask</key>
			<string>2147483647</string>
			<key>files</key>
			<array>
				<string>7885F6B91B217C1A001C179C</string>
				<string>7885F6BC1B217C25001C179C</string>
				<string>7885F6D21B218143001C179C</string>
				<string>7885F6D51B218143001C179C</string>
				<string>7885F6B81B217C14001C179C</string>
				<string>7885F6BD1B217C2A001C179C</string>
				<string>7885F6C11B217C45001C179C</string>
				<string>7885F6C31B217C4D001C179C</string>
				<string>7885F6DA1B2181E2001C179C</string>
				<string>7885F6BB1B217C21001C179C</string>
				<string>7885F6AB1B217A48001C179C</string>
				<string>7885F6BA1B217C1D001C179C</string>
				<string>7885F6C01B217C40001C179C</string>
				<string>7885F6D41B218143001C179C</string>
				<string>7885F6D61B218143001C179C</string>
				<string>7885F6C41B217C4F001C179C</string>
				<string>7885F6B71B217BEB001C179C</string>
				<string>7885F6B61B217BD6001C179C</string>
			</array>
			<key>isa</key>
			<string>PBXSourcesBuildPhase</string>
			<key>runOnlyForDeploymentPostprocessing</key>
			<string>0</string>
		</dict>
		<key>7885F6A31B217A48001C179C</key>
		<dict>
			<key>buildActionMask</key>
			<string>2147483647</string>
			<key>files</key>
			<array>
				<string>7885F6C61B217C75001C179C</string>
				<string>7885F6C51B217C6F001C179C</string>
				<string>7885F6B51B217BC0001C179C</string>
				<string>7885F6B41B217BB4001C179C</string>
				<string>7885F6B31B217BAC001C179C</string>
				<string>7885F6B21B217BA6001C179C</string>
				<string>C6D8F1E70CDBA41927E4F6C8</string>
			</array>
			<key>isa</key>
			<string>PBXFrameworksBuildPhase</string>
			<key>runOnlyForDeploymentPostprocessing</key>
			<string>0</string>
		</dict>
		<key>7885F6A41B217A48001C179C</key>
		<dict>
			<key>buildActionMask</key>
			<string>2147483647</string>
			<key>files</key>
			<array>
				<string>7885F6BF1B217C33001C179C</string>
				<string>7885F6BE1B217C2D001C179C</string>
			</array>
			<key>isa</key>
			<string>PBXResourcesBuildPhase</string>
			<key>runOnlyForDeploymentPostprocessing</key>
			<string>0</string>
		</dict>
		<key>7885F6A51B217A48001C179C</key>
		<dict>
			<key>buildConfigurationList</key>
			<string>7885F6AE1B217A48001C179C</string>
			<key>buildPhases</key>
			<array>
				<string>5BAB97DE92DFEC1AEE50765F</string>
				<string>7885F6A21B217A48001C179C</string>
				<string>7885F6A31B217A48001C179C</string>
				<string>7885F6A41B217A48001C179C</string>
				<string>D55C8471B3CAB66F0EE214A8</string>
				<string>874B7F24A2207D8135BD06A1</string>
			</array>
			<key>buildRules</key>
			<array/>
			<key>dependencies</key>
			<array>
				<string>7885F6AD1B217A48001C179C</string>
			</array>
			<key>isa</key>
			<string>PBXNativeTarget</string>
			<key>name</key>
			<string>test</string>
			<key>productName</key>
			<string>test</string>
			<key>productReference</key>
			<string>7885F6A61B217A48001C179C</string>
			<key>productType</key>
			<string>com.apple.product-type.bundle.unit-test</string>
		</dict>
		<key>7885F6A61B217A48001C179C</key>
		<dict>
			<key>explicitFileType</key>
			<string>wrapper.cfbundle</string>
			<key>includeInIndex</key>
			<string>0</string>
			<key>isa</key>
			<string>PBXFileReference</string>
			<key>path</key>
			<string>test.xctest</string>
			<key>sourceTree</key>
			<string>BUILT_PRODUCTS_DIR</string>
		</dict>
		<key>7885F6A71B217A48001C179C</key>
		<dict>
			<key>children</key>
			<array>
				<string>7885F6CD1B218143001C179C</string>
				<string>7885F6CF1B218143001C179C</string>
				<string>7885F6D01B218143001C179C</string>
				<string>7885F6D11B218143001C179C</string>
				<string>7885F6D91B2181E2001C179C</string>
				<string>7885F6AA1B217A48001C179C</string>
				<string>7885F6A81B217A48001C179C</string>
			</array>
			<key>isa</key>
			<string>PBXGroup</string>
			<key>path</key>
			<string>test</string>
			<key>sourceTree</key>
			<string>&lt;group&gt;</string>
		</dict>
		<key>7885F6A81B217A48001C179C</key>
		<dict>
			<key>children</key>
			<array>
				<string>7885F6A91B217A48001C179C</string>
			</array>
			<key>isa</key>
			<string>PBXGroup</string>
			<key>name</key>
			<string>Supporting Files</string>
			<key>sourceTree</key>
			<string>&lt;group&gt;</string>
		</dict>
		<key>7885F6A91B217A48001C179C</key>
		<dict>
			<key>isa</key>
			<string>PBXFileReference</string>
			<key>lastKnownFileType</key>
			<string>text.plist.xml</string>
			<key>path</key>
			<string>Info.plist</string>
			<key>sourceTree</key>
			<string>&lt;group&gt;</string>
		</dict>
		<key>7885F6AA1B217A48001C179C</key>
		<dict>
			<key>isa</key>
			<string>PBXFileReference</string>
			<key>lastKnownFileType</key>
			<string>sourcecode.c.objc</string>
			<key>path</key>
			<string>test.m</string>
			<key>sourceTree</key>
			<string>&lt;group&gt;</string>
		</dict>
		<key>7885F6AB1B217A48001C179C</key>
		<dict>
			<key>fileRef</key>
			<string>7885F6AA1B217A48001C179C</string>
			<key>isa</key>
			<string>PBXBuildFile</string>
		</dict>
		<key>7885F6AC1B217A48001C179C</key>
		<dict>
			<key>containerPortal</key>
			<string>788B8DC5166389A20060CDA8</string>
			<key>isa</key>
			<string>PBXContainerItemProxy</string>
			<key>proxyType</key>
			<string>1</string>
			<key>remoteGlobalIDString</key>
			<string>788B8DCD166389A20060CDA8</string>
			<key>remoteInfo</key>
			<string>use-bdd</string>
		</dict>
		<key>7885F6AD1B217A48001C179C</key>
		<dict>
			<key>isa</key>
			<string>PBXTargetDependency</string>
			<key>target</key>
			<string>788B8DCD166389A20060CDA8</string>
			<key>targetProxy</key>
			<string>7885F6AC1B217A48001C179C</string>
		</dict>
		<key>7885F6AE1B217A48001C179C</key>
		<dict>
			<key>buildConfigurations</key>
			<array>
				<string>7885F6AF1B217A48001C179C</string>
				<string>7885F6B01B217A48001C179C</string>
				<string>7780D4091B723C5A006F0F15</string>
			</array>
			<key>defaultConfigurationIsVisible</key>
			<string>0</string>
			<key>defaultConfigurationName</key>
			<string>Adhoc</string>
			<key>isa</key>
			<string>XCConfigurationList</string>
		</dict>
		<key>7885F6AF1B217A48001C179C</key>
		<dict>
			<key>baseConfigurationReference</key>
			<string>37F39D53BB00490BD8AE30A6</string>
			<key>buildSettings</key>
			<dict>
				<key>BUNDLE_LOADER</key>
				<string>$(TEST_HOST)</string>
				<key>CLANG_ENABLE_MODULES</key>
				<string>YES</string>
				<key>CLANG_WARN_BOOL_CONVERSION</key>
				<string>YES</string>
				<key>CLANG_WARN_CONSTANT_CONVERSION</key>
				<string>YES</string>
				<key>CLANG_WARN_DIRECT_OBJC_ISA_USAGE</key>
				<string>YES_ERROR</string>
				<key>CLANG_WARN_ENUM_CONVERSION</key>
				<string>YES</string>
				<key>CLANG_WARN_INT_CONVERSION</key>
				<string>YES</string>
				<key>CLANG_WARN_OBJC_ROOT_CLASS</key>
				<string>YES_ERROR</string>
				<key>CLANG_WARN_UNREACHABLE_CODE</key>
				<string>YES</string>
				<key>DEBUG_INFORMATION_FORMAT</key>
				<string>dwarf-with-dsym</string>
				<key>ENABLE_STRICT_OBJC_MSGSEND</key>
				<string>YES</string>
				<key>FRAMEWORK_SEARCH_PATHS[sdk=iphoneos8.0]</key>
				<string></string>
				<key>FRAMEWORK_SEARCH_PATHS[sdk=iphonesimulator8.0]</key>
				<string></string>
				<key>GCC_NO_COMMON_BLOCKS</key>
				<string>YES</string>
				<key>GCC_PREFIX_HEADER</key>
				<string>use-bdd/use-bdd-Prefix.pch</string>
				<key>GCC_PREPROCESSOR_DEFINITIONS</key>
				<array>
					<string>DEBUG=1</string>
					<string>$(inherited)</string>
				</array>
				<key>GCC_WARN_64_TO_32_BIT_CONVERSION</key>
				<string>YES</string>
				<key>GCC_WARN_ABOUT_RETURN_TYPE</key>
				<string>YES_ERROR</string>
				<key>GCC_WARN_UNDECLARED_SELECTOR</key>
				<string>YES</string>
				<key>GCC_WARN_UNINITIALIZED_AUTOS</key>
				<string>YES_AGGRESSIVE</string>
				<key>GCC_WARN_UNUSED_FUNCTION</key>
				<string>YES</string>
				<key>INFOPLIST_FILE</key>
				<string>test/Info.plist</string>
				<key>IPHONEOS_DEPLOYMENT_TARGET</key>
				<string>8.0</string>
				<key>LD_RUNPATH_SEARCH_PATHS</key>
				<string>$(inherited) @executable_path/Frameworks @loader_path/Frameworks</string>
				<key>MTL_ENABLE_DEBUG_INFO</key>
				<string>YES</string>
				<key>PRODUCT_BUNDLE_IDENTIFIER</key>
				<string>if.kiwi.com</string>
				<key>PRODUCT_NAME</key>
				<string>$(TARGET_NAME)</string>
				<key>TEST_HOST</key>
				<string>$(BUILT_PRODUCTS_DIR)/use-bdd.app/use-bdd</string>
			</dict>
			<key>isa</key>
			<string>XCBuildConfiguration</string>
			<key>name</key>
			<string>Debug</string>
		</dict>
		<key>7885F6B01B217A48001C179C</key>
		<dict>
			<key>baseConfigurationReference</key>
			<string>EFE0D1B2A434167ACEF12A91</string>
			<key>buildSettings</key>
			<dict>
				<key>BUNDLE_LOADER</key>
				<string>$(TEST_HOST)</string>
				<key>CLANG_ENABLE_MODULES</key>
				<string>YES</string>
				<key>CLANG_WARN_BOOL_CONVERSION</key>
				<string>YES</string>
				<key>CLANG_WARN_CONSTANT_CONVERSION</key>
				<string>YES</string>
				<key>CLANG_WARN_DIRECT_OBJC_ISA_USAGE</key>
				<string>YES_ERROR</string>
				<key>CLANG_WARN_ENUM_CONVERSION</key>
				<string>YES</string>
				<key>CLANG_WARN_INT_CONVERSION</key>
				<string>YES</string>
				<key>CLANG_WARN_OBJC_ROOT_CLASS</key>
				<string>YES_ERROR</string>
				<key>CLANG_WARN_UNREACHABLE_CODE</key>
				<string>YES</string>
				<key>COPY_PHASE_STRIP</key>
				<string>NO</string>
				<key>DEBUG_INFORMATION_FORMAT</key>
				<string>dwarf-with-dsym</string>
				<key>ENABLE_NS_ASSERTIONS</key>
				<string>NO</string>
				<key>ENABLE_STRICT_OBJC_MSGSEND</key>
				<string>YES</string>
				<key>GCC_NO_COMMON_BLOCKS</key>
				<string>YES</string>
				<key>GCC_PREFIX_HEADER</key>
				<string>use-bdd/use-bdd-Prefix.pch</string>
				<key>GCC_WARN_64_TO_32_BIT_CONVERSION</key>
				<string>YES</string>
				<key>GCC_WARN_ABOUT_RETURN_TYPE</key>
				<string>YES_ERROR</string>
				<key>GCC_WARN_UNDECLARED_SELECTOR</key>
				<string>YES</string>
				<key>GCC_WARN_UNINITIALIZED_AUTOS</key>
				<string>YES_AGGRESSIVE</string>
				<key>GCC_WARN_UNUSED_FUNCTION</key>
				<string>YES</string>
				<key>INFOPLIST_FILE</key>
				<string>test/Info.plist</string>
				<key>IPHONEOS_DEPLOYMENT_TARGET</key>
				<string>8.0</string>
				<key>LD_RUNPATH_SEARCH_PATHS</key>
				<string>$(inherited) @executable_path/Frameworks @loader_path/Frameworks</string>
				<key>MTL_ENABLE_DEBUG_INFO</key>
				<string>NO</string>
				<key>PRODUCT_BUNDLE_IDENTIFIER</key>
				<string>if.kiwi.com</string>
				<key>PRODUCT_NAME</key>
				<string>$(TARGET_NAME)</string>
				<key>TEST_HOST</key>
				<string>$(BUILT_PRODUCTS_DIR)/use-bdd.app/use-bdd</string>
			</dict>
			<key>isa</key>
			<string>XCBuildConfiguration</string>
			<key>name</key>
			<string>Release</string>
		</dict>
		<key>7885F6B21B217BA6001C179C</key>
		<dict>
			<key>fileRef</key>
			<string>788B8DD4166389A20060CDA8</string>
			<key>isa</key>
			<string>PBXBuildFile</string>
		</dict>
		<key>7885F6B31B217BAC001C179C</key>
		<dict>
			<key>fileRef</key>
			<string>788B8DD2166389A20060CDA8</string>
			<key>isa</key>
			<string>PBXBuildFile</string>
		</dict>
		<key>7885F6B41B217BB4001C179C</key>
		<dict>
			<key>fileRef</key>
			<string>783DA743166662AD0007EEB1</string>
			<key>isa</key>
			<string>PBXBuildFile</string>
		</dict>
		<key>7885F6B51B217BC0001C179C</key>
		<dict>
			<key>fileRef</key>
			<string>783DA741166662720007EEB1</string>
			<key>isa</key>
			<string>PBXBuildFile</string>
		</dict>
		<key>7885F6B61B217BD6001C179C</key>
		<dict>
			<key>fileRef</key>
			<string>783DA75A166666E00007EEB1</string>
			<key>isa</key>
			<string>PBXBuildFile</string>
		</dict>
		<key>7885F6B71B217BEB001C179C</key>
		<dict>
			<key>fileRef</key>
			<string>787D8EB8169C85B50071C906</string>
			<key>isa</key>
			<string>PBXBuildFile</string>
		</dict>
		<key>7885F6B81B217C14001C179C</key>
		<dict>
			<key>fileRef</key>
			<string>7885F6621B216056001C179C</string>
			<key>isa</key>
			<string>PBXBuildFile</string>
		</dict>
		<key>7885F6B91B217C1A001C179C</key>
		<dict>
			<key>fileRef</key>
			<string>7885F66E1B216190001C179C</string>
			<key>isa</key>
			<string>PBXBuildFile</string>
		</dict>
		<key>7885F6BA1B217C1D001C179C</key>
		<dict>
			<key>fileRef</key>
			<string>7885F6691B2160E7001C179C</string>
			<key>isa</key>
			<string>PBXBuildFile</string>
		</dict>
		<key>7885F6BB1B217C21001C179C</key>
		<dict>
			<key>fileRef</key>
			<string>7841228E168C68B800CC8FAE</string>
			<key>isa</key>
			<string>PBXBuildFile</string>
		</dict>
		<key>7885F6BC1B217C25001C179C</key>
		<dict>
			<key>fileRef</key>
			<string>78412290168C68B800CC8FAE</string>
			<key>isa</key>
			<string>PBXBuildFile</string>
		</dict>
		<key>7885F6BD1B217C2A001C179C</key>
		<dict>
			<key>fileRef</key>
			<string>785D6E49169D7C750052EABB</string>
			<key>isa</key>
			<string>PBXBuildFile</string>
		</dict>
		<key>7885F6BE1B217C2D001C179C</key>
		<dict>
			<key>fileRef</key>
			<string>785D6E4A169D7C750052EABB</string>
			<key>isa</key>
			<string>PBXBuildFile</string>
		</dict>
		<key>7885F6BF1B217C33001C179C</key>
		<dict>
			<key>fileRef</key>
			<string>783DA758166666E00007EEB1</string>
			<key>isa</key>
			<string>PBXBuildFile</string>
		</dict>
		<key>7885F6C01B217C40001C179C</key>
		<dict>
			<key>fileRef</key>
			<string>787D8EB4169C73A40071C906</string>
			<key>isa</key>
			<string>PBXBuildFile</string>
		</dict>
		<key>7885F6C11B217C45001C179C</key>
		<dict>
			<key>fileRef</key>
			<string>783DA78E1666745D0007EEB1</string>
			<key>isa</key>
			<string>PBXBuildFile</string>
		</dict>
		<key>7885F6C31B217C4D001C179C</key>
		<dict>
			<key>fileRef</key>
			<string>783DA794166675900007EEB1</string>
			<key>isa</key>
			<string>PBXBuildFile</string>
		</dict>
		<key>7885F6C41B217C4F001C179C</key>
		<dict>
			<key>fileRef</key>
			<string>7830094A16A005C9005B70DD</string>
			<key>isa</key>
			<string>PBXBuildFile</string>
		</dict>
		<key>7885F6C51B217C6F001C179C</key>
		<dict>
			<key>fileRef</key>
			<string>78F7B492181E94E000D68530</string>
			<key>isa</key>
			<string>PBXBuildFile</string>
		</dict>
		<key>7885F6C61B217C75001C179C</key>
		<dict>
			<key>fileRef</key>
			<string>788B8DD6166389A20060CDA8</string>
			<key>isa</key>
			<string>PBXBuildFile</string>
		</dict>
		<key>7885F6CD1B218143001C179C</key>
		<dict>
			<key>fileEncoding</key>
			<string>4</string>
			<key>isa</key>
			<string>PBXFileReference</string>
			<key>lastKnownFileType</key>
			<string>sourcecode.c.objc</string>
			<key>path</key>
			<string>IFQuestionBuilderSpec.m</string>
			<key>sourceTree</key>
			<string>&lt;group&gt;</string>
		</dict>
		<key>7885F6CF1B218143001C179C</key>
		<dict>
			<key>fileEncoding</key>
			<string>4</string>
			<key>isa</key>
			<string>PBXFileReference</string>
			<key>lastKnownFileType</key>
			<string>sourcecode.c.objc</string>
			<key>path</key>
			<string>IFViewControllerSpec.m</string>
			<key>sourceTree</key>
			<string>&lt;group&gt;</string>
		</dict>
		<key>7885F6D01B218143001C179C</key>
		<dict>
			<key>fileEncoding</key>
			<string>4</string>
			<key>isa</key>
			<string>PBXFileReference</string>
			<key>lastKnownFileType</key>
			<string>sourcecode.c.objc</string>
			<key>path</key>
			<string>QuestionCellSpec.m</string>
			<key>sourceTree</key>
			<string>&lt;group&gt;</string>
		</dict>
		<key>7885F6D11B218143001C179C</key>
		<dict>
			<key>fileEncoding</key>
			<string>4</string>
			<key>isa</key>
			<string>PBXFileReference</string>
			<key>lastKnownFileType</key>
			<string>sourcecode.c.objc</string>
			<key>path</key>
			<string>QuestionTableDelegateSpec.m</string>
			<key>sourceTree</key>
			<string>&lt;group&gt;</string>
		</dict>
		<key>7885F6D21B218143001C179C</key>
		<dict>
			<key>fileRef</key>
			<string>7885F6CD1B218143001C179C</string>
			<key>isa</key>
			<string>PBXBuildFile</string>
		</dict>
		<key>7885F6D41B218143001C179C</key>
		<dict>
			<key>fileRef</key>
			<string>7885F6CF1B218143001C179C</string>
			<key>isa</key>
			<string>PBXBuildFile</string>
		</dict>
		<key>7885F6D51B218143001C179C</key>
		<dict>
			<key>fileRef</key>
			<string>7885F6D01B218143001C179C</string>
			<key>isa</key>
			<string>PBXBuildFile</string>
		</dict>
		<key>7885F6D61B218143001C179C</key>
		<dict>
			<key>fileRef</key>
			<string>7885F6D11B218143001C179C</string>
			<key>isa</key>
			<string>PBXBuildFile</string>
		</dict>
		<key>7885F6D91B2181E2001C179C</key>
		<dict>
			<key>fileEncoding</key>
			<string>4</string>
			<key>isa</key>
			<string>PBXFileReference</string>
			<key>lastKnownFileType</key>
			<string>sourcecode.c.objc</string>
			<key>path</key>
			<string>IFNetworkSpec.m</string>
			<key>sourceTree</key>
			<string>&lt;group&gt;</string>
		</dict>
		<key>7885F6DA1B2181E2001C179C</key>
		<dict>
			<key>fileRef</key>
			<string>7885F6D91B2181E2001C179C</string>
			<key>isa</key>
			<string>PBXBuildFile</string>
		</dict>
		<key>788B8DC3166389A20060CDA8</key>
		<dict>
			<key>children</key>
			<array>
				<string>7780D3FF1B722484006F0F15</string>
				<string>7780D4001B722484006F0F15</string>
				<string>7780D4011B722484006F0F15</string>
				<string>7780D4021B722484006F0F15</string>
				<string>788B8DD8166389A20060CDA8</string>
				<string>7885F6A71B217A48001C179C</string>
				<string>788B8DD1166389A20060CDA8</string>
				<string>788B8DCF166389A20060CDA8</string>
				<string>4C0E7D7545A1624C9E63949C</string>
			</array>
			<key>isa</key>
			<string>PBXGroup</string>
			<key>sourceTree</key>
			<string>&lt;group&gt;</string>
		</dict>
		<key>788B8DC5166389A20060CDA8</key>
		<dict>
			<key>attributes</key>
			<dict>
				<key>CLASSPREFIX</key>
				<string>IF</string>
				<key>LastTestingUpgradeCheck</key>
				<string>0630</string>
				<key>LastUpgradeCheck</key>
				<string>0700</string>
				<key>ORGANIZATIONNAME</key>
				<string>IgorFedorchuk</string>
				<key>TargetAttributes</key>
				<dict>
					<key>7885F6A51B217A48001C179C</key>
					<dict>
						<key>CreatedOnToolsVersion</key>
						<string>6.3.2</string>
						<key>TestTargetID</key>
						<string>788B8DCD166389A20060CDA8</string>
					</dict>
				</dict>
			</dict>
			<key>buildConfigurationList</key>
			<string>788B8DC8166389A20060CDA8</string>
			<key>compatibilityVersion</key>
			<string>Xcode 3.2</string>
			<key>developmentRegion</key>
			<string>English</string>
			<key>hasScannedForEncodings</key>
			<string>0</string>
			<key>isa</key>
			<string>PBXProject</string>
			<key>knownRegions</key>
			<array>
				<string>en</string>
			</array>
			<key>mainGroup</key>
			<string>788B8DC3166389A20060CDA8</string>
			<key>productRefGroup</key>
			<string>788B8DCF166389A20060CDA8</string>
			<key>projectDirPath</key>
			<string></string>
			<key>projectReferences</key>
			<array/>
			<key>projectRoot</key>
			<string></string>
			<key>targets</key>
			<array>
				<string>788B8DCD166389A20060CDA8</string>
				<string>7885F6A51B217A48001C179C</string>
			</array>
		</dict>
		<key>788B8DC8166389A20060CDA8</key>
		<dict>
			<key>buildConfigurations</key>
			<array>
				<string>788B8E08166389A20060CDA8</string>
				<string>788B8E09166389A20060CDA8</string>
				<string>7780D4071B723C5A006F0F15</string>
			</array>
			<key>defaultConfigurationIsVisible</key>
			<string>0</string>
			<key>defaultConfigurationName</key>
			<string>Adhoc</string>
			<key>isa</key>
			<string>XCConfigurationList</string>
		</dict>
		<key>788B8DCA166389A20060CDA8</key>
		<dict>
			<key>buildActionMask</key>
			<string>2147483647</string>
			<key>files</key>
			<array>
				<string>7885F6631B216056001C179C</string>
				<string>788B8DDF166389A20060CDA8</string>
				<string>788B8DE3166389A20060CDA8</string>
				<string>783DA75D166666E00007EEB1</string>
				<string>783DA78F1666745D0007EEB1</string>
				<string>783DA795166675900007EEB1</string>
				<string>78412292168C68B800CC8FAE</string>
				<string>78412293168C68B800CC8FAE</string>
				<string>7885F66F1B216190001C179C</string>
				<string>787D8EB5169C73A40071C906</string>
				<string>787D8EB9169C85B50071C906</string>
				<string>7885F66A1B2160E7001C179C</string>
				<string>785D6E33169D57090052EABB</string>
				<string>785D6E4B169D7C750052EABB</string>
				<string>7830094B16A005C9005B70DD</string>
			</array>
			<key>isa</key>
			<string>PBXSourcesBuildPhase</string>
			<key>runOnlyForDeploymentPostprocessing</key>
			<string>0</string>
		</dict>
		<key>788B8DCB166389A20060CDA8</key>
		<dict>
			<key>buildActionMask</key>
			<string>2147483647</string>
			<key>files</key>
			<array>
				<string>78F7B493181E94E100D68530</string>
				<string>7780D4051B722484006F0F15</string>
				<string>783DA746166662CB0007EEB1</string>
				<string>783DA745166662BB0007EEB1</string>
				<string>788B8DD3166389A20060CDA8</string>
				<string>7780D4041B722484006F0F15</string>
				<string>788B8DD5166389A20060CDA8</string>
				<string>7780D4031B722484006F0F15</string>
				<string>788B8DD7166389A20060CDA8</string>
				<string>779413AAF239693E2F2F3E60</string>
				<string>7780D4061B722484006F0F15</string>
			</array>
			<key>isa</key>
			<string>PBXFrameworksBuildPhase</string>
			<key>runOnlyForDeploymentPostprocessing</key>
			<string>0</string>
		</dict>
		<key>788B8DCC166389A20060CDA8</key>
		<dict>
			<key>buildActionMask</key>
			<string>2147483647</string>
			<key>files</key>
			<array>
				<string>788B8DDD166389A20060CDA8</string>
				<string>788B8DE5166389A20060CDA8</string>
				<string>788B8DE7166389A20060CDA8</string>
				<string>788B8DE9166389A20060CDA8</string>
				<string>783DA75B166666E00007EEB1</string>
				<string>785D6E35169D57090052EABB</string>
				<string>785D6E4D169D7C750052EABB</string>
			</array>
			<key>isa</key>
			<string>PBXResourcesBuildPhase</string>
			<key>runOnlyForDeploymentPostprocessing</key>
			<string>0</string>
		</dict>
		<key>788B8DCD166389A20060CDA8</key>
		<dict>
			<key>buildConfigurationList</key>
			<string>788B8E0A166389A20060CDA8</string>
			<key>buildPhases</key>
			<array>
				<string>244ADD4EB869E1245126D730</string>
				<string>788B8DCA166389A20060CDA8</string>
				<string>788B8DCB166389A20060CDA8</string>
				<string>788B8DCC166389A20060CDA8</string>
				<string>BA73E5B17EB1DD3F2FC7A96F</string>
				<string>BD380EAAE5971D3DF18510CE</string>
			</array>
			<key>buildRules</key>
			<array/>
			<key>dependencies</key>
			<array/>
			<key>isa</key>
			<string>PBXNativeTarget</string>
			<key>name</key>
			<string>use-bdd</string>
			<key>productName</key>
			<string>use-bdd</string>
			<key>productReference</key>
			<string>788B8DCE166389A20060CDA8</string>
			<key>productType</key>
			<string>com.apple.product-type.application</string>
		</dict>
		<key>788B8DCE166389A20060CDA8</key>
		<dict>
			<key>explicitFileType</key>
			<string>wrapper.application</string>
			<key>includeInIndex</key>
			<string>0</string>
			<key>isa</key>
			<string>PBXFileReference</string>
			<key>path</key>
			<string>use-bdd.app</string>
			<key>sourceTree</key>
			<string>BUILT_PRODUCTS_DIR</string>
		</dict>
		<key>788B8DCF166389A20060CDA8</key>
		<dict>
			<key>children</key>
			<array>
				<string>788B8DCE166389A20060CDA8</string>
				<string>7885F6A61B217A48001C179C</string>
			</array>
			<key>isa</key>
			<string>PBXGroup</string>
			<key>name</key>
			<string>Products</string>
			<key>sourceTree</key>
			<string>&lt;group&gt;</string>
		</dict>
		<key>788B8DD1166389A20060CDA8</key>
		<dict>
			<key>children</key>
			<array>
				<string>78F7B492181E94E000D68530</string>
				<string>783DA743166662AD0007EEB1</string>
				<string>783DA741166662720007EEB1</string>
				<string>78BC265D1665017900147AF1</string>
				<string>788B8DD2166389A20060CDA8</string>
				<string>788B8DD4166389A20060CDA8</string>
				<string>788B8DD6166389A20060CDA8</string>
				<string>788B8DF9166389A20060CDA8</string>
				<string>686B2538E70B577D5E1BAC5B</string>
				<string>016F019E846BA7CF23686C1B</string>
				<string>0B871823194001367503D618</string>
			</array>
			<key>isa</key>
			<string>PBXGroup</string>
			<key>name</key>
			<string>Frameworks</string>
			<key>sourceTree</key>
			<string>&lt;group&gt;</string>
		</dict>
		<key>788B8DD2166389A20060CDA8</key>
		<dict>
			<key>isa</key>
			<string>PBXFileReference</string>
			<key>lastKnownFileType</key>
			<string>wrapper.framework</string>
			<key>name</key>
			<string>UIKit.framework</string>
			<key>path</key>
			<string>System/Library/Frameworks/UIKit.framework</string>
			<key>sourceTree</key>
			<string>SDKROOT</string>
		</dict>
		<key>788B8DD3166389A20060CDA8</key>
		<dict>
			<key>fileRef</key>
			<string>788B8DD2166389A20060CDA8</string>
			<key>isa</key>
			<string>PBXBuildFile</string>
		</dict>
		<key>788B8DD4166389A20060CDA8</key>
		<dict>
			<key>isa</key>
			<string>PBXFileReference</string>
			<key>lastKnownFileType</key>
			<string>wrapper.framework</string>
			<key>name</key>
			<string>Foundation.framework</string>
			<key>path</key>
			<string>System/Library/Frameworks/Foundation.framework</string>
			<key>sourceTree</key>
			<string>SDKROOT</string>
		</dict>
		<key>788B8DD5166389A20060CDA8</key>
		<dict>
			<key>fileRef</key>
			<string>788B8DD4166389A20060CDA8</string>
			<key>isa</key>
			<string>PBXBuildFile</string>
		</dict>
		<key>788B8DD6166389A20060CDA8</key>
		<dict>
			<key>isa</key>
			<string>PBXFileReference</string>
			<key>lastKnownFileType</key>
			<string>wrapper.framework</string>
			<key>name</key>
			<string>CoreGraphics.framework</string>
			<key>path</key>
			<string>System/Library/Frameworks/CoreGraphics.framework</string>
			<key>sourceTree</key>
			<string>SDKROOT</string>
		</dict>
		<key>788B8DD7166389A20060CDA8</key>
		<dict>
			<key>fileRef</key>
			<string>788B8DD6166389A20060CDA8</string>
			<key>isa</key>
			<string>PBXBuildFile</string>
		</dict>
		<key>788B8DD8166389A20060CDA8</key>
		<dict>
			<key>children</key>
			<array>
				<string>7885F6601B21602B001C179C</string>
				<string>78412289168C689400CC8FAE</string>
				<string>783DA74B166665A30007EEB1</string>
				<string>78BC268916651FF900147AF1</string>
				<string>788B8DE1166389A20060CDA8</string>
				<string>788B8DE2166389A20060CDA8</string>
				<string>788B8DD9166389A20060CDA8</string>
			</array>
			<key>isa</key>
			<string>PBXGroup</string>
			<key>path</key>
			<string>use-bdd</string>
			<key>sourceTree</key>
			<string>&lt;group&gt;</string>
		</dict>
		<key>788B8DD9166389A20060CDA8</key>
		<dict>
			<key>children</key>
			<array>
				<string>788B8DDA166389A20060CDA8</string>
				<string>788B8DDB166389A20060CDA8</string>
				<string>788B8DDE166389A20060CDA8</string>
				<string>788B8DE0166389A20060CDA8</string>
				<string>788B8DE4166389A20060CDA8</string>
				<string>788B8DE6166389A20060CDA8</string>
				<string>788B8DE8166389A20060CDA8</string>
			</array>
			<key>isa</key>
			<string>PBXGroup</string>
			<key>name</key>
			<string>Supporting Files</string>
			<key>sourceTree</key>
			<string>&lt;group&gt;</string>
		</dict>
		<key>788B8DDA166389A20060CDA8</key>
		<dict>
			<key>isa</key>
			<string>PBXFileReference</string>
			<key>lastKnownFileType</key>
			<string>text.plist.xml</string>
			<key>path</key>
			<string>use-bdd-Info.plist</string>
			<key>sourceTree</key>
			<string>&lt;group&gt;</string>
		</dict>
		<key>788B8DDB166389A20060CDA8</key>
		<dict>
			<key>children</key>
			<array>
				<string>788B8DDC166389A20060CDA8</string>
			</array>
			<key>isa</key>
			<string>PBXVariantGroup</string>
			<key>name</key>
			<string>InfoPlist.strings</string>
			<key>sourceTree</key>
			<string>&lt;group&gt;</string>
		</dict>
		<key>788B8DDC166389A20060CDA8</key>
		<dict>
			<key>isa</key>
			<string>PBXFileReference</string>
			<key>lastKnownFileType</key>
			<string>text.plist.strings</string>
			<key>name</key>
			<string>en</string>
			<key>path</key>
			<string>en.lproj/InfoPlist.strings</string>
			<key>sourceTree</key>
			<string>&lt;group&gt;</string>
		</dict>
		<key>788B8DDD166389A20060CDA8</key>
		<dict>
			<key>fileRef</key>
			<string>788B8DDB166389A20060CDA8</string>
			<key>isa</key>
			<string>PBXBuildFile</string>
		</dict>
		<key>788B8DDE166389A20060CDA8</key>
		<dict>
			<key>isa</key>
			<string>PBXFileReference</string>
			<key>lastKnownFileType</key>
			<string>sourcecode.c.objc</string>
			<key>path</key>
			<string>main.m</string>
			<key>sourceTree</key>
			<string>&lt;group&gt;</string>
		</dict>
		<key>788B8DDF166389A20060CDA8</key>
		<dict>
			<key>fileRef</key>
			<string>788B8DDE166389A20060CDA8</string>
			<key>isa</key>
			<string>PBXBuildFile</string>
		</dict>
		<key>788B8DE0166389A20060CDA8</key>
		<dict>
			<key>isa</key>
			<string>PBXFileReference</string>
			<key>lastKnownFileType</key>
			<string>sourcecode.c.h</string>
			<key>path</key>
			<string>use-bdd-Prefix.pch</string>
			<key>sourceTree</key>
			<string>&lt;group&gt;</string>
		</dict>
		<key>788B8DE1166389A20060CDA8</key>
		<dict>
			<key>isa</key>
			<string>PBXFileReference</string>
			<key>lastKnownFileType</key>
			<string>sourcecode.c.h</string>
			<key>path</key>
			<string>IFAppDelegate.h</string>
			<key>sourceTree</key>
			<string>&lt;group&gt;</string>
		</dict>
		<key>788B8DE2166389A20060CDA8</key>
		<dict>
			<key>isa</key>
			<string>PBXFileReference</string>
			<key>lastKnownFileType</key>
			<string>sourcecode.c.objc</string>
			<key>path</key>
			<string>IFAppDelegate.m</string>
			<key>sourceTree</key>
			<string>&lt;group&gt;</string>
		</dict>
		<key>788B8DE3166389A20060CDA8</key>
		<dict>
			<key>fileRef</key>
			<string>788B8DE2166389A20060CDA8</string>
			<key>isa</key>
			<string>PBXBuildFile</string>
		</dict>
		<key>788B8DE4166389A20060CDA8</key>
		<dict>
			<key>isa</key>
			<string>PBXFileReference</string>
			<key>lastKnownFileType</key>
			<string>image.png</string>
			<key>path</key>
			<string>Default.png</string>
			<key>sourceTree</key>
			<string>&lt;group&gt;</string>
		</dict>
		<key>788B8DE5166389A20060CDA8</key>
		<dict>
			<key>fileRef</key>
			<string>788B8DE4166389A20060CDA8</string>
			<key>isa</key>
			<string>PBXBuildFile</string>
		</dict>
		<key>788B8DE6166389A20060CDA8</key>
		<dict>
			<key>isa</key>
			<string>PBXFileReference</string>
			<key>lastKnownFileType</key>
			<string>image.png</string>
			<key>path</key>
			<string>Default@2x.png</string>
			<key>sourceTree</key>
			<string>&lt;group&gt;</string>
		</dict>
		<key>788B8DE7166389A20060CDA8</key>
		<dict>
			<key>fileRef</key>
			<string>788B8DE6166389A20060CDA8</string>
			<key>isa</key>
			<string>PBXBuildFile</string>
		</dict>
		<key>788B8DE8166389A20060CDA8</key>
		<dict>
			<key>isa</key>
			<string>PBXFileReference</string>
			<key>lastKnownFileType</key>
			<string>image.png</string>
			<key>path</key>
			<string>Default-568h@2x.png</string>
			<key>sourceTree</key>
			<string>&lt;group&gt;</string>
		</dict>
		<key>788B8DE9166389A20060CDA8</key>
		<dict>
			<key>fileRef</key>
			<string>788B8DE8166389A20060CDA8</string>
			<key>isa</key>
			<string>PBXBuildFile</string>
		</dict>
		<key>788B8DF9166389A20060CDA8</key>
		<dict>
			<key>isa</key>
			<string>PBXFileReference</string>
			<key>lastKnownFileType</key>
			<string>wrapper.framework</string>
			<key>name</key>
			<string>SenTestingKit.framework</string>
			<key>path</key>
			<string>Library/Frameworks/SenTestingKit.framework</string>
			<key>sourceTree</key>
			<string>DEVELOPER_DIR</string>
		</dict>
		<key>788B8E08166389A20060CDA8</key>
		<dict>
			<key>buildSettings</key>
			<dict>
				<key>ALWAYS_SEARCH_USER_PATHS</key>
				<string>NO</string>
				<key>CLANG_CXX_LANGUAGE_STANDARD</key>
				<string>gnu++0x</string>
				<key>CLANG_CXX_LIBRARY</key>
				<string>libc++</string>
				<key>CLANG_ENABLE_OBJC_ARC</key>
				<string>YES</string>
				<key>CLANG_WARN_EMPTY_BODY</key>
				<string>YES</string>
				<key>CLANG_WARN__DUPLICATE_METHOD_MATCH</key>
				<string>YES</string>
				<key>CODE_SIGN_IDENTITY[sdk=iphoneos*]</key>
				<string>iPhone Developer</string>
				<key>COPY_PHASE_STRIP</key>
				<string>NO</string>
				<key>ENABLE_TESTABILITY</key>
				<string>YES</string>
				<key>GCC_C_LANGUAGE_STANDARD</key>
				<string>gnu99</string>
				<key>GCC_DYNAMIC_NO_PIC</key>
				<string>NO</string>
				<key>GCC_OPTIMIZATION_LEVEL</key>
				<string>0</string>
				<key>GCC_PREPROCESSOR_DEFINITIONS</key>
				<array>
					<string>DEBUG=1</string>
					<string>$(inherited)</string>
				</array>
				<key>GCC_SYMBOLS_PRIVATE_EXTERN</key>
				<string>NO</string>
				<key>GCC_WARN_ABOUT_RETURN_TYPE</key>
				<string>YES</string>
				<key>GCC_WARN_UNINITIALIZED_AUTOS</key>
				<string>YES</string>
				<key>GCC_WARN_UNUSED_VARIABLE</key>
				<string>YES</string>
				<key>IPHONEOS_DEPLOYMENT_TARGET</key>
				<string>7.0</string>
				<key>ONLY_ACTIVE_ARCH</key>
				<string>YES</string>
				<key>SDKROOT</key>
				<string>iphoneos</string>
				<key>TARGETED_DEVICE_FAMILY</key>
				<string>1,2</string>
			</dict>
			<key>isa</key>
			<string>XCBuildConfiguration</string>
			<key>name</key>
			<string>Debug</string>
		</dict>
		<key>788B8E09166389A20060CDA8</key>
		<dict>
			<key>buildSettings</key>
			<dict>
				<key>ALWAYS_SEARCH_USER_PATHS</key>
				<string>NO</string>
				<key>CLANG_CXX_LANGUAGE_STANDARD</key>
				<string>gnu++0x</string>
				<key>CLANG_CXX_LIBRARY</key>
				<string>libc++</string>
				<key>CLANG_ENABLE_OBJC_ARC</key>
				<string>YES</string>
				<key>CLANG_WARN_EMPTY_BODY</key>
				<string>YES</string>
				<key>CLANG_WARN__DUPLICATE_METHOD_MATCH</key>
				<string>YES</string>
				<key>CODE_SIGN_IDENTITY[sdk=iphoneos*]</key>
				<string>iPhone Developer</string>
				<key>COPY_PHASE_STRIP</key>
				<string>YES</string>
				<key>GCC_C_LANGUAGE_STANDARD</key>
				<string>gnu99</string>
				<key>GCC_WARN_ABOUT_RETURN_TYPE</key>
				<string>YES</string>
				<key>GCC_WARN_UNINITIALIZED_AUTOS</key>
				<string>YES</string>
				<key>GCC_WARN_UNUSED_VARIABLE</key>
				<string>YES</string>
				<key>IPHONEOS_DEPLOYMENT_TARGET</key>
				<string>7.0</string>
				<key>OTHER_CFLAGS</key>
				<string>-DNS_BLOCK_ASSERTIONS=1</string>
				<key>SDKROOT</key>
				<string>iphoneos</string>
				<key>TARGETED_DEVICE_FAMILY</key>
				<string>1,2</string>
				<key>VALIDATE_PRODUCT</key>
				<string>YES</string>
			</dict>
			<key>isa</key>
			<string>XCBuildConfiguration</string>
			<key>name</key>
			<string>Release</string>
		</dict>
		<key>788B8E0A166389A20060CDA8</key>
		<dict>
			<key>buildConfigurations</key>
			<array>
				<string>788B8E0B166389A20060CDA8</string>
				<string>788B8E0C166389A20060CDA8</string>
				<string>7780D4081B723C5A006F0F15</string>
			</array>
			<key>defaultConfigurationIsVisible</key>
			<string>0</string>
			<key>defaultConfigurationName</key>
			<string>Adhoc</string>
			<key>isa</key>
			<string>XCConfigurationList</string>
		</dict>
		<key>788B8E0B166389A20060CDA8</key>
		<dict>
			<key>baseConfigurationReference</key>
			<string>1D457FF5D06C8192A6D40CB0</string>
			<key>buildSettings</key>
			<dict>
				<key>CODE_SIGN_IDENTITY</key>
				<string>iPhone Developer</string>
				<key>FRAMEWORK_SEARCH_PATHS</key>
				<array>
					<string>$(inherited)</string>
					<string>$(PROJECT_DIR)</string>
				</array>
				<key>GCC_PRECOMPILE_PREFIX_HEADER</key>
				<string>YES</string>
				<key>GCC_PREFIX_HEADER</key>
				<string>use-bdd/use-bdd-Prefix.pch</string>
				<key>INFOPLIST_FILE</key>
				<string>use-bdd/use-bdd-Info.plist</string>
				<key>IPHONEOS_DEPLOYMENT_TARGET</key>
				<string>8.0</string>
				<key>LIBRARY_SEARCH_PATHS</key>
				<array>
					<string>$(inherited)</string>
					<string>$(PROJECT_DIR)</string>
				</array>
				<key>PRODUCT_BUNDLE_IDENTIFIER</key>
				<string>if.kiwi.com</string>
				<key>PRODUCT_NAME</key>
				<string>$(TARGET_NAME)</string>
				<key>PROVISIONING_PROFILE</key>
				<string></string>
				<key>TARGETED_DEVICE_FAMILY</key>
				<string>1</string>
				<key>WRAPPER_EXTENSION</key>
				<string>app</string>
			</dict>
			<key>isa</key>
			<string>XCBuildConfiguration</string>
			<key>name</key>
			<string>Debug</string>
		</dict>
		<key>788B8E0C166389A20060CDA8</key>
		<dict>
			<key>baseConfigurationReference</key>
			<string>B2866077FDE61D3DB32C1131</string>
			<key>buildSettings</key>
			<dict>
				<key>CODE_SIGN_IDENTITY</key>
				<string>iPhone Distribution</string>
				<key>FRAMEWORK_SEARCH_PATHS</key>
				<array>
					<string>$(inherited)</string>
					<string>$(PROJECT_DIR)</string>
				</array>
				<key>GCC_PRECOMPILE_PREFIX_HEADER</key>
				<string>YES</string>
				<key>GCC_PREFIX_HEADER</key>
				<string>use-bdd/use-bdd-Prefix.pch</string>
				<key>INFOPLIST_FILE</key>
				<string>use-bdd/use-bdd-Info.plist</string>
				<key>IPHONEOS_DEPLOYMENT_TARGET</key>
				<string>8.0</string>
				<key>LIBRARY_SEARCH_PATHS</key>
				<array>
					<string>$(inherited)</string>
					<string>$(PROJECT_DIR)</string>
				</array>
				<key>PRODUCT_BUNDLE_IDENTIFIER</key>
				<string>if.kiwi.com</string>
				<key>PRODUCT_NAME</key>
				<string>$(TARGET_NAME)</string>
				<key>PROVISIONING_PROFILE</key>
				<string></string>
				<key>TARGETED_DEVICE_FAMILY</key>
				<string>1</string>
				<key>WRAPPER_EXTENSION</key>
				<string>app</string>
			</dict>
			<key>isa</key>
			<string>XCBuildConfiguration</string>
			<key>name</key>
			<string>Release</string>
		</dict>
		<key>78BC265D1665017900147AF1</key>
		<dict>
			<key>isa</key>
			<string>PBXFileReference</string>
			<key>lastKnownFileType</key>
			<string>archive.ar</string>
			<key>name</key>
			<string>libKiwi.a</string>
			<key>path</key>
			<string>Frameworks/Kiwi/build/Release-iphoneos/libKiwi.a</string>
			<key>sourceTree</key>
			<string>&lt;group&gt;</string>
		</dict>
		<key>78BC268916651FF900147AF1</key>
		<dict>
			<key>children</key>
			<array>
				<string>7885F6A01B21794F001C179C</string>
				<string>787D8EB2169C736F0071C906</string>
				<string>783DA788166672860007EEB1</string>
				<string>78BC268A1665200500147AF1</string>
			</array>
			<key>isa</key>
			<string>PBXGroup</string>
			<key>path</key>
			<string>Utils</string>
			<key>sourceTree</key>
			<string>&lt;group&gt;</string>
		</dict>
		<key>78BC268A1665200500147AF1</key>
		<dict>
			<key>children</key>
			<array>
				<string>783DA793166675900007EEB1</string>
				<string>783DA794166675900007EEB1</string>
				<string>7830094916A005C9005B70DD</string>
				<string>7830094A16A005C9005B70DD</string>
			</array>
			<key>isa</key>
			<string>PBXGroup</string>
			<key>path</key>
			<string>Categories</string>
			<key>sourceTree</key>
			<string>&lt;group&gt;</string>
		</dict>
		<key>78F7B492181E94E000D68530</key>
		<dict>
			<key>isa</key>
			<string>PBXFileReference</string>
			<key>lastKnownFileType</key>
			<string>wrapper.framework</string>
			<key>name</key>
			<string>Security.framework</string>
			<key>path</key>
			<string>System/Library/Frameworks/Security.framework</string>
			<key>sourceTree</key>
			<string>SDKROOT</string>
		</dict>
		<key>78F7B493181E94E100D68530</key>
		<dict>
			<key>fileRef</key>
			<string>78F7B492181E94E000D68530</string>
			<key>isa</key>
			<string>PBXBuildFile</string>
		</dict>
		<key>874B7F24A2207D8135BD06A1</key>
		<dict>
			<key>buildActionMask</key>
			<string>2147483647</string>
			<key>files</key>
			<array/>
			<key>inputPaths</key>
			<array/>
			<key>isa</key>
			<string>PBXShellScriptBuildPhase</string>
			<key>name</key>
			<string>Embed Pods Frameworks</string>
			<key>outputPaths</key>
			<array/>
			<key>runOnlyForDeploymentPostprocessing</key>
			<string>0</string>
			<key>shellPath</key>
			<string>/bin/sh</string>
			<key>shellScript</key>
			<string>"${SRCROOT}/Pods/Target Support Files/Pods-test/Pods-test-frameworks.sh"
</string>
			<key>showEnvVarsInLog</key>
			<string>0</string>
		</dict>
		<key>B2866077FDE61D3DB32C1131</key>
		<dict>
			<key>includeInIndex</key>
			<string>1</string>
			<key>isa</key>
			<string>PBXFileReference</string>
			<key>lastKnownFileType</key>
			<string>text.xcconfig</string>
			<key>name</key>
			<string>Pods-use-bdd.release.xcconfig</string>
			<key>path</key>
			<string>Pods/Target Support Files/Pods-use-bdd/Pods-use-bdd.release.xcconfig</string>
			<key>sourceTree</key>
			<string>&lt;group&gt;</string>
		</dict>
		<key>BA73E5B17EB1DD3F2FC7A96F</key>
		<dict>
			<key>buildActionMask</key>
			<string>2147483647</string>
			<key>files</key>
			<array/>
			<key>inputPaths</key>
			<array/>
			<key>isa</key>
			<string>PBXShellScriptBuildPhase</string>
			<key>name</key>
			<string>Copy Pods Resources</string>
			<key>outputPaths</key>
			<array/>
			<key>runOnlyForDeploymentPostprocessing</key>
			<string>0</string>
			<key>shellPath</key>
			<string>/bin/sh</string>
			<key>shellScript</key>
			<string>"${SRCROOT}/Pods/Target Support Files/Pods-use-bdd/Pods-use-bdd-resources.sh"
</string>
			<key>showEnvVarsInLog</key>
			<string>0</string>
		</dict>
		<key>BD380EAAE5971D3DF18510CE</key>
		<dict>
			<key>buildActionMask</key>
			<string>2147483647</string>
			<key>files</key>
			<array/>
			<key>inputPaths</key>
			<array/>
			<key>isa</key>
			<string>PBXShellScriptBuildPhase</string>
			<key>name</key>
			<string>Embed Pods Frameworks</string>
			<key>outputPaths</key>
			<array/>
			<key>runOnlyForDeploymentPostprocessing</key>
			<string>0</string>
			<key>shellPath</key>
			<string>/bin/sh</string>
			<key>shellScript</key>
			<string>"${SRCROOT}/Pods/Target Support Files/Pods-use-bdd/Pods-use-bdd-frameworks.sh"
</string>
			<key>showEnvVarsInLog</key>
			<string>0</string>
		</dict>
		<key>C6D8F1E70CDBA41927E4F6C8</key>
		<dict>
			<key>fileRef</key>
			<string>0B871823194001367503D618</string>
			<key>isa</key>
			<string>PBXBuildFile</string>
		</dict>
		<key>D251DBCD10DA1421AB722173</key>
		<dict>
			<key>includeInIndex</key>
			<string>1</string>
			<key>isa</key>
			<string>PBXFileReference</string>
			<key>lastKnownFileType</key>
			<string>text.xcconfig</string>
			<key>name</key>
			<string>Pods-use-bddTests.release.xcconfig</string>
			<key>path</key>
			<string>Pods/Target Support Files/Pods-use-bddTests/Pods-use-bddTests.release.xcconfig</string>
			<key>sourceTree</key>
			<string>&lt;group&gt;</string>
		</dict>
		<key>D55C8471B3CAB66F0EE214A8</key>
		<dict>
			<key>buildActionMask</key>
			<string>2147483647</string>
			<key>files</key>
			<array/>
			<key>inputPaths</key>
			<array/>
			<key>isa</key>
			<string>PBXShellScriptBuildPhase</string>
			<key>name</key>
			<string>Copy Pods Resources</string>
			<key>outputPaths</key>
			<array/>
			<key>runOnlyForDeploymentPostprocessing</key>
			<string>0</string>
			<key>shellPath</key>
			<string>/bin/sh</string>
			<key>shellScript</key>
			<string>"${SRCROOT}/Pods/Target Support Files/Pods-test/Pods-test-resources.sh"
</string>
			<key>showEnvVarsInLog</key>
			<string>0</string>
		</dict>
		<key>EFE0D1B2A434167ACEF12A91</key>
		<dict>
			<key>includeInIndex</key>
			<string>1</string>
			<key>isa</key>
			<string>PBXFileReference</string>
			<key>lastKnownFileType</key>
			<string>text.xcconfig</string>
			<key>name</key>
			<string>Pods-test.release.xcconfig</string>
			<key>path</key>
			<string>Pods/Target Support Files/Pods-test/Pods-test.release.xcconfig</string>
			<key>sourceTree</key>
			<string>&lt;group&gt;</string>
		</dict>
	</dict>
	<key>rootObject</key>
	<string>788B8DC5166389A20060CDA8</string>
</dict>
</plist>
